// !$*UTF8*$!
{
	archiveVersion = 1;
	classes = {
	};
	objectVersion = 46;
	objects = {

/* Begin PBXBuildFile section */
		0604815517DB7E3A007989E3 /* UINavigationController+PRNavigationController.m in Sources */ = {isa = PBXBuildFile; fileRef = 0604815417DB7E3A007989E3 /* UINavigationController+PRNavigationController.m */; };
		0604815717DB823F007989E3 /* PRVenuesWithMapViewController.xib in Resources */ = {isa = PBXBuildFile; fileRef = 0604815617DB823F007989E3 /* PRVenuesWithMapViewController.xib */; };
		0604815A17DB8268007989E3 /* PRVenuesWithMapViewController.m in Sources */ = {isa = PBXBuildFile; fileRef = 0604815917DB8268007989E3 /* PRVenuesWithMapViewController.m */; };
		0604F29717D988AC001F0C84 /* UIKit.framework in Frameworks */ = {isa = PBXBuildFile; fileRef = 0604F29617D988AC001F0C84 /* UIKit.framework */; };
		0604F29917D988AC001F0C84 /* Foundation.framework in Frameworks */ = {isa = PBXBuildFile; fileRef = 0604F29817D988AC001F0C84 /* Foundation.framework */; };
		0604F29B17D988AC001F0C84 /* CoreGraphics.framework in Frameworks */ = {isa = PBXBuildFile; fileRef = 0604F29A17D988AC001F0C84 /* CoreGraphics.framework */; };
		0604F2A117D988AC001F0C84 /* InfoPlist.strings in Resources */ = {isa = PBXBuildFile; fileRef = 0604F29F17D988AC001F0C84 /* InfoPlist.strings */; };
		0604F2A317D988AC001F0C84 /* main.m in Sources */ = {isa = PBXBuildFile; fileRef = 0604F2A217D988AC001F0C84 /* main.m */; };
		0604F2A717D988AC001F0C84 /* PRAppDelegate.m in Sources */ = {isa = PBXBuildFile; fileRef = 0604F2A617D988AC001F0C84 /* PRAppDelegate.m */; };
		0604F2B017D988AC001F0C84 /* PRViewController.m in Sources */ = {isa = PBXBuildFile; fileRef = 0604F2AF17D988AC001F0C84 /* PRViewController.m */; };
		0604F2BD17D98C7F001F0C84 /* img_01.JPG in Resources */ = {isa = PBXBuildFile; fileRef = 0604F2BC17D98C7F001F0C84 /* img_01.JPG */; };
		0604F2CD17D99DDF001F0C84 /* PRButton.m in Sources */ = {isa = PBXBuildFile; fileRef = 0604F2CC17D99DDF001F0C84 /* PRButton.m */; };
		0604F2CF17D99E11001F0C84 /* QuartzCore.framework in Frameworks */ = {isa = PBXBuildFile; fileRef = 0604F2CE17D99E11001F0C84 /* QuartzCore.framework */; };
		0604F2D817DA3C40001F0C84 /* PRFamilyViewController.m in Sources */ = {isa = PBXBuildFile; fileRef = 0604F2D617DA3C40001F0C84 /* PRFamilyViewController.m */; };
		0604F2D917DA3C40001F0C84 /* PRFamilyViewController.xib in Resources */ = {isa = PBXBuildFile; fileRef = 0604F2D717DA3C40001F0C84 /* PRFamilyViewController.xib */; };
		0604F2DC17DA42F4001F0C84 /* PRSegmentControl.m in Sources */ = {isa = PBXBuildFile; fileRef = 0604F2DB17DA42F4001F0C84 /* PRSegmentControl.m */; };
		0604F2E117DA4359001F0C84 /* tab-off.png in Resources */ = {isa = PBXBuildFile; fileRef = 0604F2DD17DA4359001F0C84 /* tab-off.png */; };
		0604F2E217DA4359001F0C84 /* tab-off@2x.png in Resources */ = {isa = PBXBuildFile; fileRef = 0604F2DE17DA4359001F0C84 /* tab-off@2x.png */; };
		0604F2E317DA4359001F0C84 /* tab-on.png in Resources */ = {isa = PBXBuildFile; fileRef = 0604F2DF17DA4359001F0C84 /* tab-on.png */; };
		0604F2E417DA4359001F0C84 /* tab-on@2x.png in Resources */ = {isa = PBXBuildFile; fileRef = 0604F2E017DA4359001F0C84 /* tab-on@2x.png */; };
		0604F2E717DA43B2001F0C84 /* UIImage+CustomImage.m in Sources */ = {isa = PBXBuildFile; fileRef = 0604F2E617DA43B2001F0C84 /* UIImage+CustomImage.m */; };
		0604F2F017DA487B001F0C84 /* PRScheduleViewController.m in Sources */ = {isa = PBXBuildFile; fileRef = 0604F2EE17DA487B001F0C84 /* PRScheduleViewController.m */; };
		0604F2F117DA487B001F0C84 /* PRScheduleViewController.xib in Resources */ = {isa = PBXBuildFile; fileRef = 0604F2EF17DA487B001F0C84 /* PRScheduleViewController.xib */; };
		0604F2F517DA502A001F0C84 /* PRFamilyCell.m in Sources */ = {isa = PBXBuildFile; fileRef = 0604F2F417DA502A001F0C84 /* PRFamilyCell.m */; };
		0604F2F717DA5072001F0C84 /* PRFamilyCell.xib in Resources */ = {isa = PBXBuildFile; fileRef = 0604F2F617DA5072001F0C84 /* PRFamilyCell.xib */; };
		0605DF2A17E2C9B600350822 /* pin.png in Resources */ = {isa = PBXBuildFile; fileRef = 0605DF2817E2C9B600350822 /* pin.png */; };
		0605DF2B17E2C9B600350822 /* pin@2x.png in Resources */ = {isa = PBXBuildFile; fileRef = 0605DF2917E2C9B600350822 /* pin@2x.png */; };
		0605DF4417E37A6300350822 /* MessageUI.framework in Frameworks */ = {isa = PBXBuildFile; fileRef = 0605DF4317E37A6300350822 /* MessageUI.framework */; };
		0605DF4617E37A6900350822 /* ImageIO.framework in Frameworks */ = {isa = PBXBuildFile; fileRef = 0605DF4517E37A6900350822 /* ImageIO.framework */; };
		0605DF7117E37D1F00350822 /* MWCaptionView.m in Sources */ = {isa = PBXBuildFile; fileRef = 0605DF4A17E37D1F00350822 /* MWCaptionView.m */; settings = {COMPILER_FLAGS = "-fno-objc-arc"; }; };
		0605DF7217E37D1F00350822 /* MWPhoto.m in Sources */ = {isa = PBXBuildFile; fileRef = 0605DF4C17E37D1F00350822 /* MWPhoto.m */; settings = {COMPILER_FLAGS = "-fno-objc-arc"; }; };
		0605DF7317E37D1F00350822 /* MWPhotoBrowser.m in Sources */ = {isa = PBXBuildFile; fileRef = 0605DF4E17E37D1F00350822 /* MWPhotoBrowser.m */; settings = {COMPILER_FLAGS = "-fno-objc-arc"; }; };
		0605DF7417E37D1F00350822 /* MWTapDetectingImageView.m in Sources */ = {isa = PBXBuildFile; fileRef = 0605DF5117E37D1F00350822 /* MWTapDetectingImageView.m */; settings = {COMPILER_FLAGS = "-fno-objc-arc"; }; };
		0605DF7517E37D1F00350822 /* MWTapDetectingView.m in Sources */ = {isa = PBXBuildFile; fileRef = 0605DF5317E37D1F00350822 /* MWTapDetectingView.m */; settings = {COMPILER_FLAGS = "-fno-objc-arc"; }; };
		0605DF7617E37D1F00350822 /* MWZoomingScrollView.m in Sources */ = {isa = PBXBuildFile; fileRef = 0605DF5517E37D1F00350822 /* MWZoomingScrollView.m */; settings = {COMPILER_FLAGS = "-fno-objc-arc"; }; };
		0605DF7717E37D1F00350822 /* MBProgressHUD.m in Sources */ = {isa = PBXBuildFile; fileRef = 0605DF5917E37D1F00350822 /* MBProgressHUD.m */; settings = {COMPILER_FLAGS = "-fno-objc-arc"; }; };
		0605DF7817E37D1F00350822 /* README.mdown in Resources */ = {isa = PBXBuildFile; fileRef = 0605DF5A17E37D1F00350822 /* README.mdown */; };
		0605DF7A17E37D1F00350822 /* README.md in Resources */ = {isa = PBXBuildFile; fileRef = 0605DF5D17E37D1F00350822 /* README.md */; };
		0605DF7B17E37D1F00350822 /* SDImageCache.m in Sources */ = {isa = PBXBuildFile; fileRef = 0605DF5F17E37D1F00350822 /* SDImageCache.m */; settings = {COMPILER_FLAGS = "-fno-objc-arc"; }; };
		0605DF7C17E37D1F00350822 /* SDWebImageDecoder.m in Sources */ = {isa = PBXBuildFile; fileRef = 0605DF6317E37D1F00350822 /* SDWebImageDecoder.m */; settings = {COMPILER_FLAGS = "-fno-objc-arc"; }; };
		0605DF7D17E37D1F00350822 /* SDWebImageDownloader.m in Sources */ = {isa = PBXBuildFile; fileRef = 0605DF6517E37D1F00350822 /* SDWebImageDownloader.m */; settings = {COMPILER_FLAGS = "-fno-objc-arc"; }; };
		0605DF7E17E37D1F00350822 /* SDWebImageManager.m in Sources */ = {isa = PBXBuildFile; fileRef = 0605DF6817E37D1F00350822 /* SDWebImageManager.m */; settings = {COMPILER_FLAGS = "-fno-objc-arc"; }; };
		0605DF7F17E37D1F00350822 /* SDWebImagePrefetcher.m in Sources */ = {isa = PBXBuildFile; fileRef = 0605DF6B17E37D1F00350822 /* SDWebImagePrefetcher.m */; settings = {COMPILER_FLAGS = "-fno-objc-arc"; }; };
		0605DF8017E37D1F00350822 /* UIButton+WebCache.m in Sources */ = {isa = PBXBuildFile; fileRef = 0605DF6D17E37D1F00350822 /* UIButton+WebCache.m */; settings = {COMPILER_FLAGS = "-fno-objc-arc"; }; };
		0605DF8117E37D1F00350822 /* UIImageView+WebCache.m in Sources */ = {isa = PBXBuildFile; fileRef = 0605DF6F17E37D1F00350822 /* UIImageView+WebCache.m */; settings = {COMPILER_FLAGS = "-fno-objc-arc"; }; };
		0605DF8217E37D1F00350822 /* MWPhotoBrowser.bundle in Resources */ = {isa = PBXBuildFile; fileRef = 0605DF7017E37D1F00350822 /* MWPhotoBrowser.bundle */; };
		06536B1717DA679D001DFE4E /* left_panel_shadow_1px.png in Resources */ = {isa = PBXBuildFile; fileRef = 06536B1517DA679D001DFE4E /* left_panel_shadow_1px.png */; };
		06536B1817DA679D001DFE4E /* left_panel_shadow_1px@2x.png in Resources */ = {isa = PBXBuildFile; fileRef = 06536B1617DA679D001DFE4E /* left_panel_shadow_1px@2x.png */; };
		06536B1B17DA71C1001DFE4E /* back.png in Resources */ = {isa = PBXBuildFile; fileRef = 06536B1917DA71C1001DFE4E /* back.png */; };
		06536B1C17DA71C1001DFE4E /* back@2x.png in Resources */ = {isa = PBXBuildFile; fileRef = 06536B1A17DA71C1001DFE4E /* back@2x.png */; };
		0654E4DF17EC8DDA009B7F0E /* StoreKit.framework in Frameworks */ = {isa = PBXBuildFile; fileRef = 0654E4DE17EC8DDA009B7F0E /* StoreKit.framework */; };
		0654E4E417EC974E009B7F0E /* PREventDetailViewController.m in Sources */ = {isa = PBXBuildFile; fileRef = 0654E4E217EC974E009B7F0E /* PREventDetailViewController.m */; };
		0654E4E517EC974E009B7F0E /* PREventDetailViewController.xib in Resources */ = {isa = PBXBuildFile; fileRef = 0654E4E317EC974E009B7F0E /* PREventDetailViewController.xib */; };
		066146A517DB8329001229FF /* MapKit.framework in Frameworks */ = {isa = PBXBuildFile; fileRef = 066146A417DB8329001229FF /* MapKit.framework */; };
		066146AB17DB83DF001229FF /* PRAnnotation.m in Sources */ = {isa = PBXBuildFile; fileRef = 066146AA17DB83DF001229FF /* PRAnnotation.m */; };
		066146B017DD10A1001229FF /* PRGalleryViewController.m in Sources */ = {isa = PBXBuildFile; fileRef = 066146AE17DD10A1001229FF /* PRGalleryViewController.m */; };
		066146B117DD10A1001229FF /* PRGalleryViewController.xib in Resources */ = {isa = PBXBuildFile; fileRef = 066146AF17DD10A1001229FF /* PRGalleryViewController.xib */; };
		066146B317DD4802001229FF /* MobileCoreServices.framework in Frameworks */ = {isa = PBXBuildFile; fileRef = 066146B217DD4802001229FF /* MobileCoreServices.framework */; };
		066146B717DD73EA001229FF /* Security.framework in Frameworks */ = {isa = PBXBuildFile; fileRef = 066146B617DD73EA001229FF /* Security.framework */; };
		066146B917DD8FC7001229FF /* AddressBook.framework in Frameworks */ = {isa = PBXBuildFile; fileRef = 066146B817DD8FC7001229FF /* AddressBook.framework */; };
		0675ACEC17DE1B1C003FCD67 /* PREventsCell.m in Sources */ = {isa = PBXBuildFile; fileRef = 0675ACEB17DE1B1C003FCD67 /* PREventsCell.m */; };
		0675ACEF17DE1B32003FCD67 /* PREventsCell.xib in Resources */ = {isa = PBXBuildFile; fileRef = 0675ACEE17DE1B32003FCD67 /* PREventsCell.xib */; };
		0675ACF217DE1F38003FCD67 /* PRProgressView.m in Sources */ = {isa = PBXBuildFile; fileRef = 0675ACF117DE1F38003FCD67 /* PRProgressView.m */; };
		0675ACF517DE1F6A003FCD67 /* PRProgressView.xib in Resources */ = {isa = PBXBuildFile; fileRef = 0675ACF417DE1F6A003FCD67 /* PRProgressView.xib */; };
		0675ACF817DE34A9003FCD67 /* API.m in Sources */ = {isa = PBXBuildFile; fileRef = 0675ACF717DE34A9003FCD67 /* API.m */; };
		0675AD0F17DE34DA003FCD67 /* AFHTTPClient.m in Sources */ = {isa = PBXBuildFile; fileRef = 0675ACFB17DE34DA003FCD67 /* AFHTTPClient.m */; settings = {COMPILER_FLAGS = "-fno-objc-arc"; }; };
		0675AD1017DE34DA003FCD67 /* AFHTTPRequestOperation.m in Sources */ = {isa = PBXBuildFile; fileRef = 0675ACFD17DE34DA003FCD67 /* AFHTTPRequestOperation.m */; settings = {COMPILER_FLAGS = "-fno-objc-arc"; }; };
		0675AD1117DE34DA003FCD67 /* AFImageRequestOperation.m in Sources */ = {isa = PBXBuildFile; fileRef = 0675ACFF17DE34DA003FCD67 /* AFImageRequestOperation.m */; settings = {COMPILER_FLAGS = "-fno-objc-arc"; }; };
		0675AD1217DE34DA003FCD67 /* AFJSONRequestOperation.m in Sources */ = {isa = PBXBuildFile; fileRef = 0675AD0117DE34DA003FCD67 /* AFJSONRequestOperation.m */; settings = {COMPILER_FLAGS = "-fno-objc-arc"; }; };
		0675AD1317DE34DA003FCD67 /* AFJSONUtilities.m in Sources */ = {isa = PBXBuildFile; fileRef = 0675AD0317DE34DA003FCD67 /* AFJSONUtilities.m */; settings = {COMPILER_FLAGS = "-fno-objc-arc"; }; };
		0675AD1417DE34DA003FCD67 /* AFNetworkActivityIndicatorManager.m in Sources */ = {isa = PBXBuildFile; fileRef = 0675AD0517DE34DA003FCD67 /* AFNetworkActivityIndicatorManager.m */; settings = {COMPILER_FLAGS = "-fno-objc-arc"; }; };
		0675AD1517DE34DA003FCD67 /* AFPropertyListRequestOperation.m in Sources */ = {isa = PBXBuildFile; fileRef = 0675AD0817DE34DA003FCD67 /* AFPropertyListRequestOperation.m */; settings = {COMPILER_FLAGS = "-fno-objc-arc"; }; };
		0675AD1617DE34DA003FCD67 /* AFURLConnectionOperation.m in Sources */ = {isa = PBXBuildFile; fileRef = 0675AD0A17DE34DA003FCD67 /* AFURLConnectionOperation.m */; settings = {COMPILER_FLAGS = "-fno-objc-arc"; }; };
		0675AD1717DE34DA003FCD67 /* AFXMLRequestOperation.m in Sources */ = {isa = PBXBuildFile; fileRef = 0675AD0C17DE34DA003FCD67 /* AFXMLRequestOperation.m */; settings = {COMPILER_FLAGS = "-fno-objc-arc"; }; };
		0675AD1817DE34DA003FCD67 /* UIImageView+AFNetworking.m in Sources */ = {isa = PBXBuildFile; fileRef = 0675AD0E17DE34DA003FCD67 /* UIImageView+AFNetworking.m */; settings = {COMPILER_FLAGS = "-fno-objc-arc"; }; };
		0675AD1C17DE4154003FCD67 /* PhotoView.m in Sources */ = {isa = PBXBuildFile; fileRef = 0675AD1B17DE4154003FCD67 /* PhotoView.m */; };
		0675AD2017DE41C9003FCD67 /* PRPhotoScreenViewController.m in Sources */ = {isa = PBXBuildFile; fileRef = 0675AD1E17DE41C9003FCD67 /* PRPhotoScreenViewController.m */; };
		0675AD2117DE41C9003FCD67 /* PRPhotoScreenViewController.xib in Resources */ = {isa = PBXBuildFile; fileRef = 0675AD1F17DE41C9003FCD67 /* PRPhotoScreenViewController.xib */; };
		0675AD2517DE6CAA003FCD67 /* PRViewController.xib in Resources */ = {isa = PBXBuildFile; fileRef = 0675AD2417DE6CAA003FCD67 /* PRViewController.xib */; };
		0679ECFE17ECA47F0082D091 /* WSCoachMarksView.m in Sources */ = {isa = PBXBuildFile; fileRef = 0679ECFD17ECA47F0082D091 /* WSCoachMarksView.m */; };
		06A1377A17E526B300F256BB /* Default-568h@2x.png in Resources */ = {isa = PBXBuildFile; fileRef = 06A1377717E526B300F256BB /* Default-568h@2x.png */; };
		06A1377B17E526B300F256BB /* Default.png in Resources */ = {isa = PBXBuildFile; fileRef = 06A1377817E526B300F256BB /* Default.png */; };
		06A1377C17E526B300F256BB /* Default@2x.png in Resources */ = {isa = PBXBuildFile; fileRef = 06A1377917E526B300F256BB /* Default@2x.png */; };
		06A1378717E658FA00F256BB /* CoreMotion.framework in Frameworks */ = {isa = PBXBuildFile; fileRef = 06A1378617E658FA00F256BB /* CoreMotion.framework */; };
		06A1378A17E65CDA00F256BB /* UIView+MWParallax.m in Sources */ = {isa = PBXBuildFile; fileRef = 06A1378917E65CDA00F256BB /* UIView+MWParallax.m */; };
		06A8C0E917EA210A0086579F /* iVersion.bundle in Resources */ = {isa = PBXBuildFile; fileRef = 06A8C0E617EA210A0086579F /* iVersion.bundle */; };
		06A8C0EA17EA210A0086579F /* iVersion.m in Sources */ = {isa = PBXBuildFile; fileRef = 06A8C0E817EA210A0086579F /* iVersion.m */; };
		06FA32F817DFAFAE00971661 /* CoreData.framework in Frameworks */ = {isa = PBXBuildFile; fileRef = 06FA32F717DFAFAE00971661 /* CoreData.framework */; };
		06FA32FA17DFAFB700971661 /* SystemConfiguration.framework in Frameworks */ = {isa = PBXBuildFile; fileRef = 06FA32F917DFAFB700971661 /* SystemConfiguration.framework */; };
		06FA32FC17DFAFBF00971661 /* libz.dylib in Frameworks */ = {isa = PBXBuildFile; fileRef = 06FA32FB17DFAFBF00971661 /* libz.dylib */; };
		06FA33D617DFB5AC00971661 /* AdSupport.framework in Frameworks */ = {isa = PBXBuildFile; fileRef = 06FA33D517DFB5AC00971661 /* AdSupport.framework */; };
		06FA33D817DFB5B600971661 /* libsqlite3.dylib in Frameworks */ = {isa = PBXBuildFile; fileRef = 06FA33D717DFB5B600971661 /* libsqlite3.dylib */; };
		06FA33E917DFB65900971661 /* iOSa_2.18.5.version in Resources */ = {isa = PBXBuildFile; fileRef = 06FA33E417DFB65900971661 /* iOSa_2.18.5.version */; };
		06FA33EA17DFB65900971661 /* libLocalyticsAMP.a in Frameworks */ = {isa = PBXBuildFile; fileRef = 06FA33E517DFB65900971661 /* libLocalyticsAMP.a */; };
		06FA33EB17DFB65900971661 /* LICENSE in Resources */ = {isa = PBXBuildFile; fileRef = 06FA33E617DFB65900971661 /* LICENSE */; };
		06FAFD3417E0FD670017D29D /* chooserPhoto.png in Resources */ = {isa = PBXBuildFile; fileRef = 06FAFD3017E0FD670017D29D /* chooserPhoto.png */; };
		06FAFD3517E0FD670017D29D /* chooserPhoto@2x.png in Resources */ = {isa = PBXBuildFile; fileRef = 06FAFD3117E0FD670017D29D /* chooserPhoto@2x.png */; };
		06FAFD3617E0FD670017D29D /* chooserPhotoActive.png in Resources */ = {isa = PBXBuildFile; fileRef = 06FAFD3217E0FD670017D29D /* chooserPhotoActive.png */; };
		06FAFD3717E0FD670017D29D /* chooserPhotoActive@2x.png in Resources */ = {isa = PBXBuildFile; fileRef = 06FAFD3317E0FD670017D29D /* chooserPhotoActive@2x.png */; };
		06FAFD4217E0FED30017D29D /* newsfeed_NewStoriesBar_Background.png in Resources */ = {isa = PBXBuildFile; fileRef = 06FAFD4017E0FED30017D29D /* newsfeed_NewStoriesBar_Background.png */; };
		06FAFD4317E0FED30017D29D /* newsfeed_NewStoriesBar_Background@2x.png in Resources */ = {isa = PBXBuildFile; fileRef = 06FAFD4117E0FED30017D29D /* newsfeed_NewStoriesBar_Background@2x.png */; };
		06FAFD4917E11BCA0017D29D /* icon@2x.png in Resources */ = {isa = PBXBuildFile; fileRef = 06FAFD4817E11BCA0017D29D /* icon@2x.png */; };
		06FAFD4B17E11BCD0017D29D /* icon.png in Resources */ = {isa = PBXBuildFile; fileRef = 06FAFD4A17E11BCD0017D29D /* icon.png */; };
		06FD66E617E661D200753117 /* UIImageView+LBBlurredImage.m in Sources */ = {isa = PBXBuildFile; fileRef = 06FD66E517E661D200753117 /* UIImageView+LBBlurredImage.m */; };
		06FD66E817E6624500753117 /* CoreImage.framework in Frameworks */ = {isa = PBXBuildFile; fileRef = 06FD66E717E6624500753117 /* CoreImage.framework */; };
/* End PBXBuildFile section */

/* Begin PBXFileReference section */
		0604815317DB7E3A007989E3 /* UINavigationController+PRNavigationController.h */ = {isa = PBXFileReference; fileEncoding = 4; lastKnownFileType = sourcecode.c.h; path = "UINavigationController+PRNavigationController.h"; sourceTree = "<group>"; };
		0604815417DB7E3A007989E3 /* UINavigationController+PRNavigationController.m */ = {isa = PBXFileReference; fileEncoding = 4; lastKnownFileType = sourcecode.c.objc; path = "UINavigationController+PRNavigationController.m"; sourceTree = "<group>"; };
		0604815617DB823F007989E3 /* PRVenuesWithMapViewController.xib */ = {isa = PBXFileReference; fileEncoding = 4; lastKnownFileType = file.xib; path = PRVenuesWithMapViewController.xib; sourceTree = "<group>"; };
		0604815817DB8268007989E3 /* PRVenuesWithMapViewController.h */ = {isa = PBXFileReference; fileEncoding = 4; lastKnownFileType = sourcecode.c.h; path = PRVenuesWithMapViewController.h; sourceTree = "<group>"; };
		0604815917DB8268007989E3 /* PRVenuesWithMapViewController.m */ = {isa = PBXFileReference; fileEncoding = 4; lastKnownFileType = sourcecode.c.objc; path = PRVenuesWithMapViewController.m; sourceTree = "<group>"; };
		0604F29317D988AC001F0C84 /* Wed.app */ = {isa = PBXFileReference; explicitFileType = wrapper.application; includeInIndex = 0; path = Wed.app; sourceTree = BUILT_PRODUCTS_DIR; };
		0604F29617D988AC001F0C84 /* UIKit.framework */ = {isa = PBXFileReference; lastKnownFileType = wrapper.framework; name = UIKit.framework; path = System/Library/Frameworks/UIKit.framework; sourceTree = SDKROOT; };
		0604F29817D988AC001F0C84 /* Foundation.framework */ = {isa = PBXFileReference; lastKnownFileType = wrapper.framework; name = Foundation.framework; path = System/Library/Frameworks/Foundation.framework; sourceTree = SDKROOT; };
		0604F29A17D988AC001F0C84 /* CoreGraphics.framework */ = {isa = PBXFileReference; lastKnownFileType = wrapper.framework; name = CoreGraphics.framework; path = System/Library/Frameworks/CoreGraphics.framework; sourceTree = SDKROOT; };
		0604F2A017D988AC001F0C84 /* en */ = {isa = PBXFileReference; lastKnownFileType = text.plist.strings; name = en; path = en.lproj/InfoPlist.strings; sourceTree = "<group>"; };
		0604F2A217D988AC001F0C84 /* main.m */ = {isa = PBXFileReference; lastKnownFileType = sourcecode.c.objc; path = main.m; sourceTree = "<group>"; };
		0604F2A417D988AC001F0C84 /* Wed-Prefix.pch */ = {isa = PBXFileReference; lastKnownFileType = sourcecode.c.h; path = "Wed-Prefix.pch"; sourceTree = "<group>"; };
		0604F2A517D988AC001F0C84 /* PRAppDelegate.h */ = {isa = PBXFileReference; lastKnownFileType = sourcecode.c.h; path = PRAppDelegate.h; sourceTree = "<group>"; };
		0604F2A617D988AC001F0C84 /* PRAppDelegate.m */ = {isa = PBXFileReference; lastKnownFileType = sourcecode.c.objc; path = PRAppDelegate.m; sourceTree = "<group>"; };
		0604F2AE17D988AC001F0C84 /* PRViewController.h */ = {isa = PBXFileReference; lastKnownFileType = sourcecode.c.h; path = PRViewController.h; sourceTree = "<group>"; };
		0604F2AF17D988AC001F0C84 /* PRViewController.m */ = {isa = PBXFileReference; lastKnownFileType = sourcecode.c.objc; path = PRViewController.m; sourceTree = "<group>"; };
		0604F2BC17D98C7F001F0C84 /* img_01.JPG */ = {isa = PBXFileReference; lastKnownFileType = image.jpeg; path = img_01.JPG; sourceTree = "<group>"; };
		0604F2CB17D99DDF001F0C84 /* PRButton.h */ = {isa = PBXFileReference; fileEncoding = 4; lastKnownFileType = sourcecode.c.h; path = PRButton.h; sourceTree = "<group>"; };
		0604F2CC17D99DDF001F0C84 /* PRButton.m */ = {isa = PBXFileReference; fileEncoding = 4; lastKnownFileType = sourcecode.c.objc; path = PRButton.m; sourceTree = "<group>"; };
		0604F2CE17D99E11001F0C84 /* QuartzCore.framework */ = {isa = PBXFileReference; lastKnownFileType = wrapper.framework; name = QuartzCore.framework; path = System/Library/Frameworks/QuartzCore.framework; sourceTree = SDKROOT; };
		0604F2D517DA3C40001F0C84 /* PRFamilyViewController.h */ = {isa = PBXFileReference; fileEncoding = 4; lastKnownFileType = sourcecode.c.h; path = PRFamilyViewController.h; sourceTree = "<group>"; };
		0604F2D617DA3C40001F0C84 /* PRFamilyViewController.m */ = {isa = PBXFileReference; fileEncoding = 4; lastKnownFileType = sourcecode.c.objc; path = PRFamilyViewController.m; sourceTree = "<group>"; };
		0604F2D717DA3C40001F0C84 /* PRFamilyViewController.xib */ = {isa = PBXFileReference; fileEncoding = 4; lastKnownFileType = file.xib; path = PRFamilyViewController.xib; sourceTree = "<group>"; };
		0604F2DA17DA42F4001F0C84 /* PRSegmentControl.h */ = {isa = PBXFileReference; fileEncoding = 4; lastKnownFileType = sourcecode.c.h; path = PRSegmentControl.h; sourceTree = "<group>"; };
		0604F2DB17DA42F4001F0C84 /* PRSegmentControl.m */ = {isa = PBXFileReference; fileEncoding = 4; lastKnownFileType = sourcecode.c.objc; path = PRSegmentControl.m; sourceTree = "<group>"; };
		0604F2DD17DA4359001F0C84 /* tab-off.png */ = {isa = PBXFileReference; lastKnownFileType = image.png; path = "tab-off.png"; sourceTree = "<group>"; };
		0604F2DE17DA4359001F0C84 /* tab-off@2x.png */ = {isa = PBXFileReference; lastKnownFileType = image.png; path = "tab-off@2x.png"; sourceTree = "<group>"; };
		0604F2DF17DA4359001F0C84 /* tab-on.png */ = {isa = PBXFileReference; lastKnownFileType = image.png; path = "tab-on.png"; sourceTree = "<group>"; };
		0604F2E017DA4359001F0C84 /* tab-on@2x.png */ = {isa = PBXFileReference; lastKnownFileType = image.png; path = "tab-on@2x.png"; sourceTree = "<group>"; };
		0604F2E517DA43B2001F0C84 /* UIImage+CustomImage.h */ = {isa = PBXFileReference; fileEncoding = 4; lastKnownFileType = sourcecode.c.h; path = "UIImage+CustomImage.h"; sourceTree = "<group>"; };
		0604F2E617DA43B2001F0C84 /* UIImage+CustomImage.m */ = {isa = PBXFileReference; fileEncoding = 4; lastKnownFileType = sourcecode.c.objc; path = "UIImage+CustomImage.m"; sourceTree = "<group>"; };
		0604F2ED17DA487B001F0C84 /* PRScheduleViewController.h */ = {isa = PBXFileReference; fileEncoding = 4; lastKnownFileType = sourcecode.c.h; path = PRScheduleViewController.h; sourceTree = "<group>"; };
		0604F2EE17DA487B001F0C84 /* PRScheduleViewController.m */ = {isa = PBXFileReference; fileEncoding = 4; lastKnownFileType = sourcecode.c.objc; path = PRScheduleViewController.m; sourceTree = "<group>"; };
		0604F2EF17DA487B001F0C84 /* PRScheduleViewController.xib */ = {isa = PBXFileReference; fileEncoding = 4; lastKnownFileType = file.xib; path = PRScheduleViewController.xib; sourceTree = "<group>"; };
		0604F2F317DA502A001F0C84 /* PRFamilyCell.h */ = {isa = PBXFileReference; fileEncoding = 4; lastKnownFileType = sourcecode.c.h; path = PRFamilyCell.h; sourceTree = "<group>"; };
		0604F2F417DA502A001F0C84 /* PRFamilyCell.m */ = {isa = PBXFileReference; fileEncoding = 4; lastKnownFileType = sourcecode.c.objc; path = PRFamilyCell.m; sourceTree = "<group>"; };
		0604F2F617DA5072001F0C84 /* PRFamilyCell.xib */ = {isa = PBXFileReference; fileEncoding = 4; lastKnownFileType = file.xib; path = PRFamilyCell.xib; sourceTree = "<group>"; };
		0605DF2817E2C9B600350822 /* pin.png */ = {isa = PBXFileReference; lastKnownFileType = image.png; path = pin.png; sourceTree = "<group>"; };
		0605DF2917E2C9B600350822 /* pin@2x.png */ = {isa = PBXFileReference; lastKnownFileType = image.png; path = "pin@2x.png"; sourceTree = "<group>"; };
		0605DF4317E37A6300350822 /* MessageUI.framework */ = {isa = PBXFileReference; lastKnownFileType = wrapper.framework; name = MessageUI.framework; path = System/Library/Frameworks/MessageUI.framework; sourceTree = SDKROOT; };
		0605DF4517E37A6900350822 /* ImageIO.framework */ = {isa = PBXFileReference; lastKnownFileType = wrapper.framework; name = ImageIO.framework; path = System/Library/Frameworks/ImageIO.framework; sourceTree = SDKROOT; };
		0605DF4917E37D1F00350822 /* MWCaptionView.h */ = {isa = PBXFileReference; fileEncoding = 4; lastKnownFileType = sourcecode.c.h; path = MWCaptionView.h; sourceTree = "<group>"; };
		0605DF4A17E37D1F00350822 /* MWCaptionView.m */ = {isa = PBXFileReference; fileEncoding = 4; lastKnownFileType = sourcecode.c.objc; path = MWCaptionView.m; sourceTree = "<group>"; };
		0605DF4B17E37D1F00350822 /* MWPhoto.h */ = {isa = PBXFileReference; fileEncoding = 4; lastKnownFileType = sourcecode.c.h; path = MWPhoto.h; sourceTree = "<group>"; };
		0605DF4C17E37D1F00350822 /* MWPhoto.m */ = {isa = PBXFileReference; fileEncoding = 4; lastKnownFileType = sourcecode.c.objc; path = MWPhoto.m; sourceTree = "<group>"; };
		0605DF4D17E37D1F00350822 /* MWPhotoBrowser.h */ = {isa = PBXFileReference; fileEncoding = 4; lastKnownFileType = sourcecode.c.h; path = MWPhotoBrowser.h; sourceTree = "<group>"; };
		0605DF4E17E37D1F00350822 /* MWPhotoBrowser.m */ = {isa = PBXFileReference; fileEncoding = 4; lastKnownFileType = sourcecode.c.objc; path = MWPhotoBrowser.m; sourceTree = "<group>"; };
		0605DF4F17E37D1F00350822 /* MWPhotoProtocol.h */ = {isa = PBXFileReference; fileEncoding = 4; lastKnownFileType = sourcecode.c.h; path = MWPhotoProtocol.h; sourceTree = "<group>"; };
		0605DF5017E37D1F00350822 /* MWTapDetectingImageView.h */ = {isa = PBXFileReference; fileEncoding = 4; lastKnownFileType = sourcecode.c.h; path = MWTapDetectingImageView.h; sourceTree = "<group>"; };
		0605DF5117E37D1F00350822 /* MWTapDetectingImageView.m */ = {isa = PBXFileReference; fileEncoding = 4; lastKnownFileType = sourcecode.c.objc; path = MWTapDetectingImageView.m; sourceTree = "<group>"; };
		0605DF5217E37D1F00350822 /* MWTapDetectingView.h */ = {isa = PBXFileReference; fileEncoding = 4; lastKnownFileType = sourcecode.c.h; path = MWTapDetectingView.h; sourceTree = "<group>"; };
		0605DF5317E37D1F00350822 /* MWTapDetectingView.m */ = {isa = PBXFileReference; fileEncoding = 4; lastKnownFileType = sourcecode.c.objc; path = MWTapDetectingView.m; sourceTree = "<group>"; };
		0605DF5417E37D1F00350822 /* MWZoomingScrollView.h */ = {isa = PBXFileReference; fileEncoding = 4; lastKnownFileType = sourcecode.c.h; path = MWZoomingScrollView.h; sourceTree = "<group>"; };
		0605DF5517E37D1F00350822 /* MWZoomingScrollView.m */ = {isa = PBXFileReference; fileEncoding = 4; lastKnownFileType = sourcecode.c.objc; path = MWZoomingScrollView.m; sourceTree = "<group>"; };
		0605DF5817E37D1F00350822 /* MBProgressHUD.h */ = {isa = PBXFileReference; fileEncoding = 4; lastKnownFileType = sourcecode.c.h; path = MBProgressHUD.h; sourceTree = "<group>"; };
		0605DF5917E37D1F00350822 /* MBProgressHUD.m */ = {isa = PBXFileReference; fileEncoding = 4; lastKnownFileType = sourcecode.c.objc; path = MBProgressHUD.m; sourceTree = "<group>"; };
		0605DF5A17E37D1F00350822 /* README.mdown */ = {isa = PBXFileReference; fileEncoding = 4; lastKnownFileType = text; path = README.mdown; sourceTree = "<group>"; };
		0605DF5C17E37D1F00350822 /* LICENSE */ = {isa = PBXFileReference; fileEncoding = 4; lastKnownFileType = text; path = LICENSE; sourceTree = "<group>"; };
		0605DF5D17E37D1F00350822 /* README.md */ = {isa = PBXFileReference; fileEncoding = 4; lastKnownFileType = text; path = README.md; sourceTree = "<group>"; };
		0605DF5E17E37D1F00350822 /* SDImageCache.h */ = {isa = PBXFileReference; fileEncoding = 4; lastKnownFileType = sourcecode.c.h; path = SDImageCache.h; sourceTree = "<group>"; };
		0605DF5F17E37D1F00350822 /* SDImageCache.m */ = {isa = PBXFileReference; fileEncoding = 4; lastKnownFileType = sourcecode.c.objc; path = SDImageCache.m; sourceTree = "<group>"; };
		0605DF6017E37D1F00350822 /* SDImageCacheDelegate.h */ = {isa = PBXFileReference; fileEncoding = 4; lastKnownFileType = sourcecode.c.h; path = SDImageCacheDelegate.h; sourceTree = "<group>"; };
		0605DF6117E37D1F00350822 /* SDWebImageCompat.h */ = {isa = PBXFileReference; fileEncoding = 4; lastKnownFileType = sourcecode.c.h; path = SDWebImageCompat.h; sourceTree = "<group>"; };
		0605DF6217E37D1F00350822 /* SDWebImageDecoder.h */ = {isa = PBXFileReference; fileEncoding = 4; lastKnownFileType = sourcecode.c.h; path = SDWebImageDecoder.h; sourceTree = "<group>"; };
		0605DF6317E37D1F00350822 /* SDWebImageDecoder.m */ = {isa = PBXFileReference; fileEncoding = 4; lastKnownFileType = sourcecode.c.objc; path = SDWebImageDecoder.m; sourceTree = "<group>"; };
		0605DF6417E37D1F00350822 /* SDWebImageDownloader.h */ = {isa = PBXFileReference; fileEncoding = 4; lastKnownFileType = sourcecode.c.h; path = SDWebImageDownloader.h; sourceTree = "<group>"; };
		0605DF6517E37D1F00350822 /* SDWebImageDownloader.m */ = {isa = PBXFileReference; fileEncoding = 4; lastKnownFileType = sourcecode.c.objc; path = SDWebImageDownloader.m; sourceTree = "<group>"; };
		0605DF6617E37D1F00350822 /* SDWebImageDownloaderDelegate.h */ = {isa = PBXFileReference; fileEncoding = 4; lastKnownFileType = sourcecode.c.h; path = SDWebImageDownloaderDelegate.h; sourceTree = "<group>"; };
		0605DF6717E37D1F00350822 /* SDWebImageManager.h */ = {isa = PBXFileReference; fileEncoding = 4; lastKnownFileType = sourcecode.c.h; path = SDWebImageManager.h; sourceTree = "<group>"; };
		0605DF6817E37D1F00350822 /* SDWebImageManager.m */ = {isa = PBXFileReference; fileEncoding = 4; lastKnownFileType = sourcecode.c.objc; path = SDWebImageManager.m; sourceTree = "<group>"; };
		0605DF6917E37D1F00350822 /* SDWebImageManagerDelegate.h */ = {isa = PBXFileReference; fileEncoding = 4; lastKnownFileType = sourcecode.c.h; path = SDWebImageManagerDelegate.h; sourceTree = "<group>"; };
		0605DF6A17E37D1F00350822 /* SDWebImagePrefetcher.h */ = {isa = PBXFileReference; fileEncoding = 4; lastKnownFileType = sourcecode.c.h; path = SDWebImagePrefetcher.h; sourceTree = "<group>"; };
		0605DF6B17E37D1F00350822 /* SDWebImagePrefetcher.m */ = {isa = PBXFileReference; fileEncoding = 4; lastKnownFileType = sourcecode.c.objc; path = SDWebImagePrefetcher.m; sourceTree = "<group>"; };
		0605DF6C17E37D1F00350822 /* UIButton+WebCache.h */ = {isa = PBXFileReference; fileEncoding = 4; lastKnownFileType = sourcecode.c.h; path = "UIButton+WebCache.h"; sourceTree = "<group>"; };
		0605DF6D17E37D1F00350822 /* UIButton+WebCache.m */ = {isa = PBXFileReference; fileEncoding = 4; lastKnownFileType = sourcecode.c.objc; path = "UIButton+WebCache.m"; sourceTree = "<group>"; };
		0605DF6E17E37D1F00350822 /* UIImageView+WebCache.h */ = {isa = PBXFileReference; fileEncoding = 4; lastKnownFileType = sourcecode.c.h; path = "UIImageView+WebCache.h"; sourceTree = "<group>"; };
		0605DF6F17E37D1F00350822 /* UIImageView+WebCache.m */ = {isa = PBXFileReference; fileEncoding = 4; lastKnownFileType = sourcecode.c.objc; path = "UIImageView+WebCache.m"; sourceTree = "<group>"; };
		0605DF7017E37D1F00350822 /* MWPhotoBrowser.bundle */ = {isa = PBXFileReference; lastKnownFileType = "wrapper.plug-in"; name = MWPhotoBrowser.bundle; path = MWPhotoBrowser/MWPhotoBrowser.bundle; sourceTree = "<group>"; };
		06536B1317DA5F33001DFE4E /* Constants.h */ = {isa = PBXFileReference; lastKnownFileType = sourcecode.c.h; path = Constants.h; sourceTree = "<group>"; };
		06536B1517DA679D001DFE4E /* left_panel_shadow_1px.png */ = {isa = PBXFileReference; lastKnownFileType = image.png; path = left_panel_shadow_1px.png; sourceTree = "<group>"; };
		06536B1617DA679D001DFE4E /* left_panel_shadow_1px@2x.png */ = {isa = PBXFileReference; lastKnownFileType = image.png; path = "left_panel_shadow_1px@2x.png"; sourceTree = "<group>"; };
		06536B1917DA71C1001DFE4E /* back.png */ = {isa = PBXFileReference; lastKnownFileType = image.png; path = back.png; sourceTree = "<group>"; };
		06536B1A17DA71C1001DFE4E /* back@2x.png */ = {isa = PBXFileReference; lastKnownFileType = image.png; path = "back@2x.png"; sourceTree = "<group>"; };
		0654E4DE17EC8DDA009B7F0E /* StoreKit.framework */ = {isa = PBXFileReference; lastKnownFileType = wrapper.framework; name = StoreKit.framework; path = System/Library/Frameworks/StoreKit.framework; sourceTree = SDKROOT; };
		0654E4E117EC974E009B7F0E /* PREventDetailViewController.h */ = {isa = PBXFileReference; fileEncoding = 4; lastKnownFileType = sourcecode.c.h; path = PREventDetailViewController.h; sourceTree = "<group>"; };
		0654E4E217EC974E009B7F0E /* PREventDetailViewController.m */ = {isa = PBXFileReference; fileEncoding = 4; lastKnownFileType = sourcecode.c.objc; path = PREventDetailViewController.m; sourceTree = "<group>"; };
		0654E4E317EC974E009B7F0E /* PREventDetailViewController.xib */ = {isa = PBXFileReference; fileEncoding = 4; lastKnownFileType = file.xib; path = PREventDetailViewController.xib; sourceTree = "<group>"; };
		066146A417DB8329001229FF /* MapKit.framework */ = {isa = PBXFileReference; lastKnownFileType = wrapper.framework; name = MapKit.framework; path = System/Library/Frameworks/MapKit.framework; sourceTree = SDKROOT; };
		066146A917DB83DF001229FF /* PRAnnotation.h */ = {isa = PBXFileReference; fileEncoding = 4; lastKnownFileType = sourcecode.c.h; path = PRAnnotation.h; sourceTree = "<group>"; };
		066146AA17DB83DF001229FF /* PRAnnotation.m */ = {isa = PBXFileReference; fileEncoding = 4; lastKnownFileType = sourcecode.c.objc; path = PRAnnotation.m; sourceTree = "<group>"; };
		066146AD17DD10A1001229FF /* PRGalleryViewController.h */ = {isa = PBXFileReference; fileEncoding = 4; lastKnownFileType = sourcecode.c.h; path = PRGalleryViewController.h; sourceTree = "<group>"; };
		066146AE17DD10A1001229FF /* PRGalleryViewController.m */ = {isa = PBXFileReference; fileEncoding = 4; lastKnownFileType = sourcecode.c.objc; path = PRGalleryViewController.m; sourceTree = "<group>"; };
		066146AF17DD10A1001229FF /* PRGalleryViewController.xib */ = {isa = PBXFileReference; fileEncoding = 4; lastKnownFileType = file.xib; path = PRGalleryViewController.xib; sourceTree = "<group>"; };
		066146B217DD4802001229FF /* MobileCoreServices.framework */ = {isa = PBXFileReference; lastKnownFileType = wrapper.framework; name = MobileCoreServices.framework; path = System/Library/Frameworks/MobileCoreServices.framework; sourceTree = SDKROOT; };
		066146B617DD73EA001229FF /* Security.framework */ = {isa = PBXFileReference; lastKnownFileType = wrapper.framework; name = Security.framework; path = System/Library/Frameworks/Security.framework; sourceTree = SDKROOT; };
		066146B817DD8FC7001229FF /* AddressBook.framework */ = {isa = PBXFileReference; lastKnownFileType = wrapper.framework; name = AddressBook.framework; path = System/Library/Frameworks/AddressBook.framework; sourceTree = SDKROOT; };
		0675ACEA17DE1B1C003FCD67 /* PREventsCell.h */ = {isa = PBXFileReference; fileEncoding = 4; lastKnownFileType = sourcecode.c.h; path = PREventsCell.h; sourceTree = "<group>"; };
		0675ACEB17DE1B1C003FCD67 /* PREventsCell.m */ = {isa = PBXFileReference; fileEncoding = 4; lastKnownFileType = sourcecode.c.objc; path = PREventsCell.m; sourceTree = "<group>"; };
		0675ACEE17DE1B32003FCD67 /* PREventsCell.xib */ = {isa = PBXFileReference; fileEncoding = 4; lastKnownFileType = file.xib; path = PREventsCell.xib; sourceTree = "<group>"; };
		0675ACF017DE1F38003FCD67 /* PRProgressView.h */ = {isa = PBXFileReference; fileEncoding = 4; lastKnownFileType = sourcecode.c.h; path = PRProgressView.h; sourceTree = "<group>"; };
		0675ACF117DE1F38003FCD67 /* PRProgressView.m */ = {isa = PBXFileReference; fileEncoding = 4; lastKnownFileType = sourcecode.c.objc; path = PRProgressView.m; sourceTree = "<group>"; };
		0675ACF417DE1F6A003FCD67 /* PRProgressView.xib */ = {isa = PBXFileReference; fileEncoding = 4; lastKnownFileType = file.xib; path = PRProgressView.xib; sourceTree = "<group>"; };
		0675ACF617DE34A9003FCD67 /* API.h */ = {isa = PBXFileReference; fileEncoding = 4; lastKnownFileType = sourcecode.c.h; path = API.h; sourceTree = "<group>"; };
		0675ACF717DE34A9003FCD67 /* API.m */ = {isa = PBXFileReference; fileEncoding = 4; lastKnownFileType = sourcecode.c.objc; path = API.m; sourceTree = "<group>"; };
		0675ACFA17DE34DA003FCD67 /* AFHTTPClient.h */ = {isa = PBXFileReference; fileEncoding = 4; lastKnownFileType = sourcecode.c.h; path = AFHTTPClient.h; sourceTree = "<group>"; };
		0675ACFB17DE34DA003FCD67 /* AFHTTPClient.m */ = {isa = PBXFileReference; fileEncoding = 4; lastKnownFileType = sourcecode.c.objc; path = AFHTTPClient.m; sourceTree = "<group>"; };
		0675ACFC17DE34DA003FCD67 /* AFHTTPRequestOperation.h */ = {isa = PBXFileReference; fileEncoding = 4; lastKnownFileType = sourcecode.c.h; path = AFHTTPRequestOperation.h; sourceTree = "<group>"; };
		0675ACFD17DE34DA003FCD67 /* AFHTTPRequestOperation.m */ = {isa = PBXFileReference; fileEncoding = 4; lastKnownFileType = sourcecode.c.objc; path = AFHTTPRequestOperation.m; sourceTree = "<group>"; };
		0675ACFE17DE34DA003FCD67 /* AFImageRequestOperation.h */ = {isa = PBXFileReference; fileEncoding = 4; lastKnownFileType = sourcecode.c.h; path = AFImageRequestOperation.h; sourceTree = "<group>"; };
		0675ACFF17DE34DA003FCD67 /* AFImageRequestOperation.m */ = {isa = PBXFileReference; fileEncoding = 4; lastKnownFileType = sourcecode.c.objc; path = AFImageRequestOperation.m; sourceTree = "<group>"; };
		0675AD0017DE34DA003FCD67 /* AFJSONRequestOperation.h */ = {isa = PBXFileReference; fileEncoding = 4; lastKnownFileType = sourcecode.c.h; path = AFJSONRequestOperation.h; sourceTree = "<group>"; };
		0675AD0117DE34DA003FCD67 /* AFJSONRequestOperation.m */ = {isa = PBXFileReference; fileEncoding = 4; lastKnownFileType = sourcecode.c.objc; path = AFJSONRequestOperation.m; sourceTree = "<group>"; };
		0675AD0217DE34DA003FCD67 /* AFJSONUtilities.h */ = {isa = PBXFileReference; fileEncoding = 4; lastKnownFileType = sourcecode.c.h; path = AFJSONUtilities.h; sourceTree = "<group>"; };
		0675AD0317DE34DA003FCD67 /* AFJSONUtilities.m */ = {isa = PBXFileReference; fileEncoding = 4; lastKnownFileType = sourcecode.c.objc; path = AFJSONUtilities.m; sourceTree = "<group>"; };
		0675AD0417DE34DA003FCD67 /* AFNetworkActivityIndicatorManager.h */ = {isa = PBXFileReference; fileEncoding = 4; lastKnownFileType = sourcecode.c.h; path = AFNetworkActivityIndicatorManager.h; sourceTree = "<group>"; };
		0675AD0517DE34DA003FCD67 /* AFNetworkActivityIndicatorManager.m */ = {isa = PBXFileReference; fileEncoding = 4; lastKnownFileType = sourcecode.c.objc; path = AFNetworkActivityIndicatorManager.m; sourceTree = "<group>"; };
		0675AD0617DE34DA003FCD67 /* AFNetworking.h */ = {isa = PBXFileReference; fileEncoding = 4; lastKnownFileType = sourcecode.c.h; path = AFNetworking.h; sourceTree = "<group>"; };
		0675AD0717DE34DA003FCD67 /* AFPropertyListRequestOperation.h */ = {isa = PBXFileReference; fileEncoding = 4; lastKnownFileType = sourcecode.c.h; path = AFPropertyListRequestOperation.h; sourceTree = "<group>"; };
		0675AD0817DE34DA003FCD67 /* AFPropertyListRequestOperation.m */ = {isa = PBXFileReference; fileEncoding = 4; lastKnownFileType = sourcecode.c.objc; path = AFPropertyListRequestOperation.m; sourceTree = "<group>"; };
		0675AD0917DE34DA003FCD67 /* AFURLConnectionOperation.h */ = {isa = PBXFileReference; fileEncoding = 4; lastKnownFileType = sourcecode.c.h; path = AFURLConnectionOperation.h; sourceTree = "<group>"; };
		0675AD0A17DE34DA003FCD67 /* AFURLConnectionOperation.m */ = {isa = PBXFileReference; fileEncoding = 4; lastKnownFileType = sourcecode.c.objc; path = AFURLConnectionOperation.m; sourceTree = "<group>"; };
		0675AD0B17DE34DA003FCD67 /* AFXMLRequestOperation.h */ = {isa = PBXFileReference; fileEncoding = 4; lastKnownFileType = sourcecode.c.h; path = AFXMLRequestOperation.h; sourceTree = "<group>"; };
		0675AD0C17DE34DA003FCD67 /* AFXMLRequestOperation.m */ = {isa = PBXFileReference; fileEncoding = 4; lastKnownFileType = sourcecode.c.objc; path = AFXMLRequestOperation.m; sourceTree = "<group>"; };
		0675AD0D17DE34DA003FCD67 /* UIImageView+AFNetworking.h */ = {isa = PBXFileReference; fileEncoding = 4; lastKnownFileType = sourcecode.c.h; path = "UIImageView+AFNetworking.h"; sourceTree = "<group>"; };
		0675AD0E17DE34DA003FCD67 /* UIImageView+AFNetworking.m */ = {isa = PBXFileReference; fileEncoding = 4; lastKnownFileType = sourcecode.c.objc; path = "UIImageView+AFNetworking.m"; sourceTree = "<group>"; };
		0675AD1A17DE4154003FCD67 /* PhotoView.h */ = {isa = PBXFileReference; fileEncoding = 4; lastKnownFileType = sourcecode.c.h; path = PhotoView.h; sourceTree = "<group>"; };
		0675AD1B17DE4154003FCD67 /* PhotoView.m */ = {isa = PBXFileReference; fileEncoding = 4; lastKnownFileType = sourcecode.c.objc; path = PhotoView.m; sourceTree = "<group>"; };
		0675AD1D17DE41C9003FCD67 /* PRPhotoScreenViewController.h */ = {isa = PBXFileReference; fileEncoding = 4; lastKnownFileType = sourcecode.c.h; path = PRPhotoScreenViewController.h; sourceTree = "<group>"; };
		0675AD1E17DE41C9003FCD67 /* PRPhotoScreenViewController.m */ = {isa = PBXFileReference; fileEncoding = 4; lastKnownFileType = sourcecode.c.objc; path = PRPhotoScreenViewController.m; sourceTree = "<group>"; };
		0675AD1F17DE41C9003FCD67 /* PRPhotoScreenViewController.xib */ = {isa = PBXFileReference; fileEncoding = 4; lastKnownFileType = file.xib; path = PRPhotoScreenViewController.xib; sourceTree = "<group>"; };
		0675AD2417DE6CAA003FCD67 /* PRViewController.xib */ = {isa = PBXFileReference; fileEncoding = 4; lastKnownFileType = file.xib; path = PRViewController.xib; sourceTree = "<group>"; };
		0679ECFC17ECA47F0082D091 /* WSCoachMarksView.h */ = {isa = PBXFileReference; fileEncoding = 4; lastKnownFileType = sourcecode.c.h; path = WSCoachMarksView.h; sourceTree = "<group>"; };
		0679ECFD17ECA47F0082D091 /* WSCoachMarksView.m */ = {isa = PBXFileReference; fileEncoding = 4; lastKnownFileType = sourcecode.c.objc; path = WSCoachMarksView.m; sourceTree = "<group>"; };
		06A1377717E526B300F256BB /* Default-568h@2x.png */ = {isa = PBXFileReference; lastKnownFileType = image.png; path = "Default-568h@2x.png"; sourceTree = SOURCE_ROOT; };
		06A1377817E526B300F256BB /* Default.png */ = {isa = PBXFileReference; lastKnownFileType = image.png; path = Default.png; sourceTree = SOURCE_ROOT; };
		06A1377917E526B300F256BB /* Default@2x.png */ = {isa = PBXFileReference; lastKnownFileType = image.png; path = "Default@2x.png"; sourceTree = SOURCE_ROOT; };
		06A1378617E658FA00F256BB /* CoreMotion.framework */ = {isa = PBXFileReference; lastKnownFileType = wrapper.framework; name = CoreMotion.framework; path = System/Library/Frameworks/CoreMotion.framework; sourceTree = SDKROOT; };
		06A1378817E65CDA00F256BB /* UIView+MWParallax.h */ = {isa = PBXFileReference; fileEncoding = 4; lastKnownFileType = sourcecode.c.h; name = "UIView+MWParallax.h"; path = "Parallex/UIView+MWParallax.h"; sourceTree = "<group>"; };
		06A1378917E65CDA00F256BB /* UIView+MWParallax.m */ = {isa = PBXFileReference; fileEncoding = 4; lastKnownFileType = sourcecode.c.objc; name = "UIView+MWParallax.m"; path = "Parallex/UIView+MWParallax.m"; sourceTree = "<group>"; };
		06A8C0E417EA20670086579F /* Wed-Info.plist */ = {isa = PBXFileReference; fileEncoding = 4; lastKnownFileType = text.plist.xml; path = "Wed-Info.plist"; sourceTree = "<group>"; };
		06A8C0E617EA210A0086579F /* iVersion.bundle */ = {isa = PBXFileReference; lastKnownFileType = "wrapper.plug-in"; name = iVersion.bundle; path = iVersion/iVersion.bundle; sourceTree = "<group>"; };
		06A8C0E717EA210A0086579F /* iVersion.h */ = {isa = PBXFileReference; fileEncoding = 4; lastKnownFileType = sourcecode.c.h; name = iVersion.h; path = iVersion/iVersion.h; sourceTree = "<group>"; };
		06A8C0E817EA210A0086579F /* iVersion.m */ = {isa = PBXFileReference; fileEncoding = 4; lastKnownFileType = sourcecode.c.objc; name = iVersion.m; path = iVersion/iVersion.m; sourceTree = "<group>"; };
		06FA32F717DFAFAE00971661 /* CoreData.framework */ = {isa = PBXFileReference; lastKnownFileType = wrapper.framework; name = CoreData.framework; path = System/Library/Frameworks/CoreData.framework; sourceTree = SDKROOT; };
		06FA32F917DFAFB700971661 /* SystemConfiguration.framework */ = {isa = PBXFileReference; lastKnownFileType = wrapper.framework; name = SystemConfiguration.framework; path = System/Library/Frameworks/SystemConfiguration.framework; sourceTree = SDKROOT; };
		06FA32FB17DFAFBF00971661 /* libz.dylib */ = {isa = PBXFileReference; lastKnownFileType = "compiled.mach-o.dylib"; name = libz.dylib; path = usr/lib/libz.dylib; sourceTree = SDKROOT; };
		06FA33D517DFB5AC00971661 /* AdSupport.framework */ = {isa = PBXFileReference; lastKnownFileType = wrapper.framework; name = AdSupport.framework; path = System/Library/Frameworks/AdSupport.framework; sourceTree = SDKROOT; };
		06FA33D717DFB5B600971661 /* libsqlite3.dylib */ = {isa = PBXFileReference; lastKnownFileType = "compiled.mach-o.dylib"; name = libsqlite3.dylib; path = usr/lib/libsqlite3.dylib; sourceTree = SDKROOT; };
		06FA33E417DFB65900971661 /* iOSa_2.18.5.version */ = {isa = PBXFileReference; fileEncoding = 4; lastKnownFileType = text; path = iOSa_2.18.5.version; sourceTree = "<group>"; };
		06FA33E517DFB65900971661 /* libLocalyticsAMP.a */ = {isa = PBXFileReference; lastKnownFileType = archive.ar; path = libLocalyticsAMP.a; sourceTree = "<group>"; };
		06FA33E617DFB65900971661 /* LICENSE */ = {isa = PBXFileReference; fileEncoding = 4; lastKnownFileType = text; path = LICENSE; sourceTree = "<group>"; };
		06FA33E717DFB65900971661 /* LocalyticsAmpSession.h */ = {isa = PBXFileReference; fileEncoding = 4; lastKnownFileType = sourcecode.c.h; path = LocalyticsAmpSession.h; sourceTree = "<group>"; };
		06FA33E817DFB65900971661 /* LocalyticsSession.h */ = {isa = PBXFileReference; fileEncoding = 4; lastKnownFileType = sourcecode.c.h; path = LocalyticsSession.h; sourceTree = "<group>"; };
		06FAFD3017E0FD670017D29D /* chooserPhoto.png */ = {isa = PBXFileReference; lastKnownFileType = image.png; path = chooserPhoto.png; sourceTree = "<group>"; };
		06FAFD3117E0FD670017D29D /* chooserPhoto@2x.png */ = {isa = PBXFileReference; lastKnownFileType = image.png; path = "chooserPhoto@2x.png"; sourceTree = "<group>"; };
		06FAFD3217E0FD670017D29D /* chooserPhotoActive.png */ = {isa = PBXFileReference; lastKnownFileType = image.png; path = chooserPhotoActive.png; sourceTree = "<group>"; };
		06FAFD3317E0FD670017D29D /* chooserPhotoActive@2x.png */ = {isa = PBXFileReference; lastKnownFileType = image.png; path = "chooserPhotoActive@2x.png"; sourceTree = "<group>"; };
		06FAFD4017E0FED30017D29D /* newsfeed_NewStoriesBar_Background.png */ = {isa = PBXFileReference; lastKnownFileType = image.png; path = newsfeed_NewStoriesBar_Background.png; sourceTree = "<group>"; };
		06FAFD4117E0FED30017D29D /* newsfeed_NewStoriesBar_Background@2x.png */ = {isa = PBXFileReference; lastKnownFileType = image.png; path = "newsfeed_NewStoriesBar_Background@2x.png"; sourceTree = "<group>"; };
		06FAFD4817E11BCA0017D29D /* icon@2x.png */ = {isa = PBXFileReference; lastKnownFileType = image.png; name = "icon@2x.png"; path = "../icon@2x.png"; sourceTree = "<group>"; };
		06FAFD4A17E11BCD0017D29D /* icon.png */ = {isa = PBXFileReference; lastKnownFileType = image.png; name = icon.png; path = ../icon.png; sourceTree = "<group>"; };
		06FD66E417E661D200753117 /* UIImageView+LBBlurredImage.h */ = {isa = PBXFileReference; fileEncoding = 4; lastKnownFileType = sourcecode.c.h; path = "UIImageView+LBBlurredImage.h"; sourceTree = "<group>"; };
		06FD66E517E661D200753117 /* UIImageView+LBBlurredImage.m */ = {isa = PBXFileReference; fileEncoding = 4; lastKnownFileType = sourcecode.c.objc; path = "UIImageView+LBBlurredImage.m"; sourceTree = "<group>"; };
		06FD66E717E6624500753117 /* CoreImage.framework */ = {isa = PBXFileReference; lastKnownFileType = wrapper.framework; name = CoreImage.framework; path = System/Library/Frameworks/CoreImage.framework; sourceTree = SDKROOT; };
/* End PBXFileReference section */

/* Begin PBXFrameworksBuildPhase section */
		0604F29017D988AC001F0C84 /* Frameworks */ = {
			isa = PBXFrameworksBuildPhase;
			buildActionMask = 2147483647;
			files = (
				0654E4DF17EC8DDA009B7F0E /* StoreKit.framework in Frameworks */,
				06FD66E817E6624500753117 /* CoreImage.framework in Frameworks */,
				06A1378717E658FA00F256BB /* CoreMotion.framework in Frameworks */,
				0605DF4617E37A6900350822 /* ImageIO.framework in Frameworks */,
				0605DF4417E37A6300350822 /* MessageUI.framework in Frameworks */,
				06FA33D817DFB5B600971661 /* libsqlite3.dylib in Frameworks */,
				06FA33D617DFB5AC00971661 /* AdSupport.framework in Frameworks */,
				06FA32FC17DFAFBF00971661 /* libz.dylib in Frameworks */,
				06FA32FA17DFAFB700971661 /* SystemConfiguration.framework in Frameworks */,
				06FA32F817DFAFAE00971661 /* CoreData.framework in Frameworks */,
				066146B917DD8FC7001229FF /* AddressBook.framework in Frameworks */,
				066146B717DD73EA001229FF /* Security.framework in Frameworks */,
				066146B317DD4802001229FF /* MobileCoreServices.framework in Frameworks */,
				066146A517DB8329001229FF /* MapKit.framework in Frameworks */,
				0604F2CF17D99E11001F0C84 /* QuartzCore.framework in Frameworks */,
				0604F29717D988AC001F0C84 /* UIKit.framework in Frameworks */,
				0604F29917D988AC001F0C84 /* Foundation.framework in Frameworks */,
				0604F29B17D988AC001F0C84 /* CoreGraphics.framework in Frameworks */,
				06FA33EA17DFB65900971661 /* libLocalyticsAMP.a in Frameworks */,
			);
			runOnlyForDeploymentPostprocessing = 0;
		};
/* End PBXFrameworksBuildPhase section */

/* Begin PBXGroup section */
		0604F28A17D988AC001F0C84 = {
			isa = PBXGroup;
			children = (
				0604F29C17D988AC001F0C84 /* Wed */,
				0604F29517D988AC001F0C84 /* Frameworks */,
				0604F29417D988AC001F0C84 /* Products */,
			);
			sourceTree = "<group>";
		};
		0604F29417D988AC001F0C84 /* Products */ = {
			isa = PBXGroup;
			children = (
				0604F29317D988AC001F0C84 /* Wed.app */,
			);
			name = Products;
			sourceTree = "<group>";
		};
		0604F29517D988AC001F0C84 /* Frameworks */ = {
			isa = PBXGroup;
			children = (
				06FA32FB17DFAFBF00971661 /* libz.dylib */,
				06FA33D717DFB5B600971661 /* libsqlite3.dylib */,
				0654E4DE17EC8DDA009B7F0E /* StoreKit.framework */,
				06FD66E717E6624500753117 /* CoreImage.framework */,
				06A1378617E658FA00F256BB /* CoreMotion.framework */,
				0605DF4517E37A6900350822 /* ImageIO.framework */,
				0605DF4317E37A6300350822 /* MessageUI.framework */,
				06FA33D517DFB5AC00971661 /* AdSupport.framework */,
				06FA32F917DFAFB700971661 /* SystemConfiguration.framework */,
				06FA32F717DFAFAE00971661 /* CoreData.framework */,
				066146B817DD8FC7001229FF /* AddressBook.framework */,
				066146B617DD73EA001229FF /* Security.framework */,
				066146B217DD4802001229FF /* MobileCoreServices.framework */,
				066146A417DB8329001229FF /* MapKit.framework */,
				0604F2CE17D99E11001F0C84 /* QuartzCore.framework */,
				0604F29617D988AC001F0C84 /* UIKit.framework */,
				0604F29817D988AC001F0C84 /* Foundation.framework */,
				0604F29A17D988AC001F0C84 /* CoreGraphics.framework */,
			);
			name = Frameworks;
			sourceTree = "<group>";
		};
		0604F29C17D988AC001F0C84 /* Wed */ = {
			isa = PBXGroup;
			children = (
				0679ED0017ECC1540082D091 /* Vendor */,
				0604F2D117DA3B1E001F0C84 /* Common View */,
				066146AC17DD107E001229FF /* Gallery View Controller */,
				0604F2EC17DA4857001F0C84 /* Events View Controller */,
				0604F2D417DA3C2F001F0C84 /* Family View Controller */,
				0604F2D017DA3B17001F0C84 /* Venues View Controller */,
				0604F2D217DA3B29001F0C84 /* Home View Controller */,
				0604F2D317DA3C10001F0C84 /* App Delegate */,
				0604F29D17D988AC001F0C84 /* Supporting Files */,
			);
			path = Wed;
			sourceTree = "<group>";
		};
		0604F29D17D988AC001F0C84 /* Supporting Files */ = {
			isa = PBXGroup;
			children = (
				0604F2BE17D98DD3001F0C84 /* Images */,
				06A8C0E417EA20670086579F /* Wed-Info.plist */,
				06536B1317DA5F33001DFE4E /* Constants.h */,
				0604F29F17D988AC001F0C84 /* InfoPlist.strings */,
				0604F2A217D988AC001F0C84 /* main.m */,
				0604F2A417D988AC001F0C84 /* Wed-Prefix.pch */,
			);
			name = "Supporting Files";
			sourceTree = "<group>";
		};
		0604F2BE17D98DD3001F0C84 /* Images */ = {
			isa = PBXGroup;
			children = (
				0679ED0117ECC1E00082D091 /* Other */,
				06536B1D17DA7332001DFE4E /* Table View */,
				06536B1E17DA733A001DFE4E /* Segment Control */,
				0604F2BF17D98DE1001F0C84 /* App Images */,
				0604F2BC17D98C7F001F0C84 /* img_01.JPG */,
			);
			name = Images;
			sourceTree = "<group>";
		};
		0604F2BF17D98DE1001F0C84 /* App Images */ = {
			isa = PBXGroup;
			children = (
				06FAFD4A17E11BCD0017D29D /* icon.png */,
				06FAFD4817E11BCA0017D29D /* icon@2x.png */,
				06A1377717E526B300F256BB /* Default-568h@2x.png */,
				06A1377817E526B300F256BB /* Default.png */,
				06A1377917E526B300F256BB /* Default@2x.png */,
			);
			name = "App Images";
			sourceTree = "<group>";
		};
		0604F2D017DA3B17001F0C84 /* Venues View Controller */ = {
			isa = PBXGroup;
			children = (
				0675AD2717DE6D8D003FCD67 /* Annotation */,
				0604815817DB8268007989E3 /* PRVenuesWithMapViewController.h */,
				0604815917DB8268007989E3 /* PRVenuesWithMapViewController.m */,
				0604815617DB823F007989E3 /* PRVenuesWithMapViewController.xib */,
			);
			name = "Venues View Controller";
			sourceTree = "<group>";
		};
		0604F2D117DA3B1E001F0C84 /* Common View */ = {
			isa = PBXGroup;
			children = (
				0604F2E517DA43B2001F0C84 /* UIImage+CustomImage.h */,
				0604F2E617DA43B2001F0C84 /* UIImage+CustomImage.m */,
				0604F2CB17D99DDF001F0C84 /* PRButton.h */,
				0604F2CC17D99DDF001F0C84 /* PRButton.m */,
				0604F2DA17DA42F4001F0C84 /* PRSegmentControl.h */,
				0604F2DB17DA42F4001F0C84 /* PRSegmentControl.m */,
				0604815317DB7E3A007989E3 /* UINavigationController+PRNavigationController.h */,
				0604815417DB7E3A007989E3 /* UINavigationController+PRNavigationController.m */,
				0675ACF317DE1F58003FCD67 /* Progress Indicator */,
			);
			name = "Common View";
			sourceTree = "<group>";
		};
		0604F2D217DA3B29001F0C84 /* Home View Controller */ = {
			isa = PBXGroup;
			children = (
				0604F2AE17D988AC001F0C84 /* PRViewController.h */,
				0604F2AF17D988AC001F0C84 /* PRViewController.m */,
				0675AD2417DE6CAA003FCD67 /* PRViewController.xib */,
			);
			name = "Home View Controller";
			sourceTree = "<group>";
		};
		0604F2D317DA3C10001F0C84 /* App Delegate */ = {
			isa = PBXGroup;
			children = (
				0604F2A517D988AC001F0C84 /* PRAppDelegate.h */,
				0604F2A617D988AC001F0C84 /* PRAppDelegate.m */,
			);
			name = "App Delegate";
			sourceTree = "<group>";
		};
		0604F2D417DA3C2F001F0C84 /* Family View Controller */ = {
			isa = PBXGroup;
			children = (
				0604F2F217DA500F001F0C84 /* TableViewCell */,
				0604F2D517DA3C40001F0C84 /* PRFamilyViewController.h */,
				0604F2D617DA3C40001F0C84 /* PRFamilyViewController.m */,
				0604F2D717DA3C40001F0C84 /* PRFamilyViewController.xib */,
			);
			name = "Family View Controller";
			sourceTree = "<group>";
		};
		0604F2EC17DA4857001F0C84 /* Events View Controller */ = {
			isa = PBXGroup;
			children = (
				0654E4E017EC9721009B7F0E /* Event Detail */,
				0675ACED17DE1B21003FCD67 /* Cell */,
				0604F2ED17DA487B001F0C84 /* PRScheduleViewController.h */,
				0604F2EE17DA487B001F0C84 /* PRScheduleViewController.m */,
				0604F2EF17DA487B001F0C84 /* PRScheduleViewController.xib */,
			);
			name = "Events View Controller";
			sourceTree = "<group>";
		};
		0604F2F217DA500F001F0C84 /* TableViewCell */ = {
			isa = PBXGroup;
			children = (
				0604F2F317DA502A001F0C84 /* PRFamilyCell.h */,
				0604F2F417DA502A001F0C84 /* PRFamilyCell.m */,
				0604F2F617DA5072001F0C84 /* PRFamilyCell.xib */,
			);
			name = TableViewCell;
			sourceTree = "<group>";
		};
		0605DF2E17E362E800350822 /* unused */ = {
			isa = PBXGroup;
			children = (
				0675AD1D17DE41C9003FCD67 /* PRPhotoScreenViewController.h */,
				0675AD1E17DE41C9003FCD67 /* PRPhotoScreenViewController.m */,
				0675AD1F17DE41C9003FCD67 /* PRPhotoScreenViewController.xib */,
			);
			name = unused;
			sourceTree = "<group>";
		};
		0605DF2F17E362FB00350822 /* Photo Gallery VC */ = {
			isa = PBXGroup;
			children = (
				066146AD17DD10A1001229FF /* PRGalleryViewController.h */,
				066146AE17DD10A1001229FF /* PRGalleryViewController.m */,
				066146AF17DD10A1001229FF /* PRGalleryViewController.xib */,
			);
			name = "Photo Gallery VC";
			sourceTree = "<group>";
		};
		0605DF4717E37CDF00350822 /* MWPhotoBrowser */ = {
			isa = PBXGroup;
			children = (
				0605DF4817E37D1F00350822 /* Classes */,
				0605DF5617E37D1F00350822 /* Libraries */,
				0605DF7017E37D1F00350822 /* MWPhotoBrowser.bundle */,
			);
			name = MWPhotoBrowser;
			sourceTree = "<group>";
		};
		0605DF4817E37D1F00350822 /* Classes */ = {
			isa = PBXGroup;
			children = (
				0605DF4917E37D1F00350822 /* MWCaptionView.h */,
				0605DF4A17E37D1F00350822 /* MWCaptionView.m */,
				0605DF4B17E37D1F00350822 /* MWPhoto.h */,
				0605DF4C17E37D1F00350822 /* MWPhoto.m */,
				0605DF4D17E37D1F00350822 /* MWPhotoBrowser.h */,
				0605DF4E17E37D1F00350822 /* MWPhotoBrowser.m */,
				0605DF4F17E37D1F00350822 /* MWPhotoProtocol.h */,
				0605DF5017E37D1F00350822 /* MWTapDetectingImageView.h */,
				0605DF5117E37D1F00350822 /* MWTapDetectingImageView.m */,
				0605DF5217E37D1F00350822 /* MWTapDetectingView.h */,
				0605DF5317E37D1F00350822 /* MWTapDetectingView.m */,
				0605DF5417E37D1F00350822 /* MWZoomingScrollView.h */,
				0605DF5517E37D1F00350822 /* MWZoomingScrollView.m */,
			);
			name = Classes;
			path = MWPhotoBrowser/Classes;
			sourceTree = "<group>";
		};
		0605DF5617E37D1F00350822 /* Libraries */ = {
			isa = PBXGroup;
			children = (
				0605DF5717E37D1F00350822 /* MBProgressHUD */,
				0605DF5B17E37D1F00350822 /* SDWebImage */,
			);
			name = Libraries;
			path = MWPhotoBrowser/Libraries;
			sourceTree = "<group>";
		};
		0605DF5717E37D1F00350822 /* MBProgressHUD */ = {
			isa = PBXGroup;
			children = (
				0605DF5817E37D1F00350822 /* MBProgressHUD.h */,
				0605DF5917E37D1F00350822 /* MBProgressHUD.m */,
				0605DF5A17E37D1F00350822 /* README.mdown */,
			);
			path = MBProgressHUD;
			sourceTree = "<group>";
		};
		0605DF5B17E37D1F00350822 /* SDWebImage */ = {
			isa = PBXGroup;
			children = (
				0605DF5C17E37D1F00350822 /* LICENSE */,
				0605DF5D17E37D1F00350822 /* README.md */,
				0605DF5E17E37D1F00350822 /* SDImageCache.h */,
				0605DF5F17E37D1F00350822 /* SDImageCache.m */,
				0605DF6017E37D1F00350822 /* SDImageCacheDelegate.h */,
				0605DF6117E37D1F00350822 /* SDWebImageCompat.h */,
				0605DF6217E37D1F00350822 /* SDWebImageDecoder.h */,
				0605DF6317E37D1F00350822 /* SDWebImageDecoder.m */,
				0605DF6417E37D1F00350822 /* SDWebImageDownloader.h */,
				0605DF6517E37D1F00350822 /* SDWebImageDownloader.m */,
				0605DF6617E37D1F00350822 /* SDWebImageDownloaderDelegate.h */,
				0605DF6717E37D1F00350822 /* SDWebImageManager.h */,
				0605DF6817E37D1F00350822 /* SDWebImageManager.m */,
				0605DF6917E37D1F00350822 /* SDWebImageManagerDelegate.h */,
				0605DF6A17E37D1F00350822 /* SDWebImagePrefetcher.h */,
				0605DF6B17E37D1F00350822 /* SDWebImagePrefetcher.m */,
				0605DF6C17E37D1F00350822 /* UIButton+WebCache.h */,
				0605DF6D17E37D1F00350822 /* UIButton+WebCache.m */,
				0605DF6E17E37D1F00350822 /* UIImageView+WebCache.h */,
				0605DF6F17E37D1F00350822 /* UIImageView+WebCache.m */,
			);
			path = SDWebImage;
			sourceTree = "<group>";
		};
		06536B1D17DA7332001DFE4E /* Table View */ = {
			isa = PBXGroup;
			children = (
				06536B1517DA679D001DFE4E /* left_panel_shadow_1px.png */,
				06536B1617DA679D001DFE4E /* left_panel_shadow_1px@2x.png */,
			);
			name = "Table View";
			sourceTree = "<group>";
		};
		06536B1E17DA733A001DFE4E /* Segment Control */ = {
			isa = PBXGroup;
			children = (
				0604F2DD17DA4359001F0C84 /* tab-off.png */,
				0604F2DE17DA4359001F0C84 /* tab-off@2x.png */,
				0604F2DF17DA4359001F0C84 /* tab-on.png */,
				0604F2E017DA4359001F0C84 /* tab-on@2x.png */,
			);
			name = "Segment Control";
			sourceTree = "<group>";
		};
		0654E4E017EC9721009B7F0E /* Event Detail */ = {
			isa = PBXGroup;
			children = (
				0654E4E117EC974E009B7F0E /* PREventDetailViewController.h */,
				0654E4E217EC974E009B7F0E /* PREventDetailViewController.m */,
				0654E4E317EC974E009B7F0E /* PREventDetailViewController.xib */,
			);
			name = "Event Detail";
			sourceTree = "<group>";
		};
		066146AC17DD107E001229FF /* Gallery View Controller */ = {
			isa = PBXGroup;
			children = (
				0675AD1917DE3C5C003FCD67 /* API */,
				0675AD2617DE6D5A003FCD67 /* Photo View */,
				0605DF2F17E362FB00350822 /* Photo Gallery VC */,
				0605DF2E17E362E800350822 /* unused */,
			);
			name = "Gallery View Controller";
			sourceTree = "<group>";
		};
		0675ACED17DE1B21003FCD67 /* Cell */ = {
			isa = PBXGroup;
			children = (
				0675ACEA17DE1B1C003FCD67 /* PREventsCell.h */,
				0675ACEB17DE1B1C003FCD67 /* PREventsCell.m */,
				0675ACEE17DE1B32003FCD67 /* PREventsCell.xib */,
			);
			name = Cell;
			sourceTree = "<group>";
		};
		0675ACF317DE1F58003FCD67 /* Progress Indicator */ = {
			isa = PBXGroup;
			children = (
				0675ACF017DE1F38003FCD67 /* PRProgressView.h */,
				0675ACF117DE1F38003FCD67 /* PRProgressView.m */,
				0675ACF417DE1F6A003FCD67 /* PRProgressView.xib */,
			);
			name = "Progress Indicator";
			sourceTree = "<group>";
		};
		0675ACF917DE34DA003FCD67 /* AFNetworking */ = {
			isa = PBXGroup;
			children = (
				0675ACFA17DE34DA003FCD67 /* AFHTTPClient.h */,
				0675ACFB17DE34DA003FCD67 /* AFHTTPClient.m */,
				0675ACFC17DE34DA003FCD67 /* AFHTTPRequestOperation.h */,
				0675ACFD17DE34DA003FCD67 /* AFHTTPRequestOperation.m */,
				0675ACFE17DE34DA003FCD67 /* AFImageRequestOperation.h */,
				0675ACFF17DE34DA003FCD67 /* AFImageRequestOperation.m */,
				0675AD0017DE34DA003FCD67 /* AFJSONRequestOperation.h */,
				0675AD0117DE34DA003FCD67 /* AFJSONRequestOperation.m */,
				0675AD0217DE34DA003FCD67 /* AFJSONUtilities.h */,
				0675AD0317DE34DA003FCD67 /* AFJSONUtilities.m */,
				0675AD0417DE34DA003FCD67 /* AFNetworkActivityIndicatorManager.h */,
				0675AD0517DE34DA003FCD67 /* AFNetworkActivityIndicatorManager.m */,
				0675AD0617DE34DA003FCD67 /* AFNetworking.h */,
				0675AD0717DE34DA003FCD67 /* AFPropertyListRequestOperation.h */,
				0675AD0817DE34DA003FCD67 /* AFPropertyListRequestOperation.m */,
				0675AD0917DE34DA003FCD67 /* AFURLConnectionOperation.h */,
				0675AD0A17DE34DA003FCD67 /* AFURLConnectionOperation.m */,
				0675AD0B17DE34DA003FCD67 /* AFXMLRequestOperation.h */,
				0675AD0C17DE34DA003FCD67 /* AFXMLRequestOperation.m */,
				0675AD0D17DE34DA003FCD67 /* UIImageView+AFNetworking.h */,
				0675AD0E17DE34DA003FCD67 /* UIImageView+AFNetworking.m */,
			);
			path = AFNetworking;
			sourceTree = "<group>";
		};
		0675AD1917DE3C5C003FCD67 /* API */ = {
			isa = PBXGroup;
			children = (
				0675ACF617DE34A9003FCD67 /* API.h */,
				0675ACF717DE34A9003FCD67 /* API.m */,
			);
			name = API;
			sourceTree = "<group>";
		};
		0675AD2617DE6D5A003FCD67 /* Photo View */ = {
			isa = PBXGroup;
			children = (
				0675AD1A17DE4154003FCD67 /* PhotoView.h */,
				0675AD1B17DE4154003FCD67 /* PhotoView.m */,
			);
			name = "Photo View";
			sourceTree = "<group>";
		};
		0675AD2717DE6D8D003FCD67 /* Annotation */ = {
			isa = PBXGroup;
			children = (
				066146A917DB83DF001229FF /* PRAnnotation.h */,
				066146AA17DB83DF001229FF /* PRAnnotation.m */,
			);
			name = Annotation;
			sourceTree = "<group>";
		};
		0679ECFF17ECA4840082D091 /* Coach Marks */ = {
			isa = PBXGroup;
			children = (
				0679ECFC17ECA47F0082D091 /* WSCoachMarksView.h */,
				0679ECFD17ECA47F0082D091 /* WSCoachMarksView.m */,
			);
			name = "Coach Marks";
			sourceTree = "<group>";
		};
		0679ED0017ECC1540082D091 /* Vendor */ = {
			isa = PBXGroup;
			children = (
				06FA33E317DFB65900971661 /* Localytics */,
				0605DF4717E37CDF00350822 /* MWPhotoBrowser */,
				0679ECFF17ECA4840082D091 /* Coach Marks */,
				06A8C0EB17EA210F0086579F /* iVersion */,
				06FD66E317E661C000753117 /* Blur Image */,
				06A1377D17E657C600F256BB /* Parallex */,
				0675ACF917DE34DA003FCD67 /* AFNetworking */,
			);
			name = Vendor;
			sourceTree = "<group>";
		};
		0679ED0117ECC1E00082D091 /* Other */ = {
			isa = PBXGroup;
			children = (
				0605DF2817E2C9B600350822 /* pin.png */,
				0605DF2917E2C9B600350822 /* pin@2x.png */,
				06FAFD4017E0FED30017D29D /* newsfeed_NewStoriesBar_Background.png */,
				06FAFD4117E0FED30017D29D /* newsfeed_NewStoriesBar_Background@2x.png */,
				06FAFD3017E0FD670017D29D /* chooserPhoto.png */,
				06FAFD3117E0FD670017D29D /* chooserPhoto@2x.png */,
				06FAFD3217E0FD670017D29D /* chooserPhotoActive.png */,
				06FAFD3317E0FD670017D29D /* chooserPhotoActive@2x.png */,
				06536B1917DA71C1001DFE4E /* back.png */,
				06536B1A17DA71C1001DFE4E /* back@2x.png */,
			);
			name = Other;
			sourceTree = "<group>";
		};
		06A1377D17E657C600F256BB /* Parallex */ = {
			isa = PBXGroup;
			children = (
				06A1378817E65CDA00F256BB /* UIView+MWParallax.h */,
				06A1378917E65CDA00F256BB /* UIView+MWParallax.m */,
			);
			name = Parallex;
			sourceTree = "<group>";
		};
		06A8C0EB17EA210F0086579F /* iVersion */ = {
			isa = PBXGroup;
			children = (
				06A8C0E617EA210A0086579F /* iVersion.bundle */,
				06A8C0E717EA210A0086579F /* iVersion.h */,
				06A8C0E817EA210A0086579F /* iVersion.m */,
			);
			name = iVersion;
			sourceTree = "<group>";
		};
		06FA33E317DFB65900971661 /* Localytics */ = {
			isa = PBXGroup;
			children = (
				06FA33E417DFB65900971661 /* iOSa_2.18.5.version */,
				06FA33E517DFB65900971661 /* libLocalyticsAMP.a */,
				06FA33E617DFB65900971661 /* LICENSE */,
				06FA33E717DFB65900971661 /* LocalyticsAmpSession.h */,
				06FA33E817DFB65900971661 /* LocalyticsSession.h */,
			);
			path = Localytics;
			sourceTree = "<group>";
		};
		06FD66E317E661C000753117 /* Blur Image */ = {
			isa = PBXGroup;
			children = (
				06FD66E417E661D200753117 /* UIImageView+LBBlurredImage.h */,
				06FD66E517E661D200753117 /* UIImageView+LBBlurredImage.m */,
			);
			name = "Blur Image";
			sourceTree = "<group>";
		};
/* End PBXGroup section */

/* Begin PBXNativeTarget section */
		0604F29217D988AC001F0C84 /* Wed */ = {
			isa = PBXNativeTarget;
			buildConfigurationList = 0604F2B917D988AD001F0C84 /* Build configuration list for PBXNativeTarget "Wed" */;
			buildPhases = (
				0604F28F17D988AC001F0C84 /* Sources */,
				0604F29017D988AC001F0C84 /* Frameworks */,
				0604F29117D988AC001F0C84 /* Resources */,
			);
			buildRules = (
			);
			dependencies = (
			);
			name = Wed;
			productName = Wed;
			productReference = 0604F29317D988AC001F0C84 /* Wed.app */;
			productType = "com.apple.product-type.application";
		};
/* End PBXNativeTarget section */

/* Begin PBXProject section */
		0604F28B17D988AC001F0C84 /* Project object */ = {
			isa = PBXProject;
			attributes = {
				CLASSPREFIX = PR;
				LastUpgradeCheck = 0460;
				ORGANIZATIONNAME = Appikon;
			};
			buildConfigurationList = 0604F28E17D988AC001F0C84 /* Build configuration list for PBXProject "Wed" */;
			compatibilityVersion = "Xcode 3.2";
			developmentRegion = English;
			hasScannedForEncodings = 0;
			knownRegions = (
				en,
			);
			mainGroup = 0604F28A17D988AC001F0C84;
			productRefGroup = 0604F29417D988AC001F0C84 /* Products */;
			projectDirPath = "";
			projectRoot = "";
			targets = (
				0604F29217D988AC001F0C84 /* Wed */,
			);
		};
/* End PBXProject section */

/* Begin PBXResourcesBuildPhase section */
		0604F29117D988AC001F0C84 /* Resources */ = {
			isa = PBXResourcesBuildPhase;
			buildActionMask = 2147483647;
			files = (
				0604F2A117D988AC001F0C84 /* InfoPlist.strings in Resources */,
				0604F2BD17D98C7F001F0C84 /* img_01.JPG in Resources */,
				0604F2D917DA3C40001F0C84 /* PRFamilyViewController.xib in Resources */,
				0604F2E117DA4359001F0C84 /* tab-off.png in Resources */,
				0604F2E217DA4359001F0C84 /* tab-off@2x.png in Resources */,
				0604F2E317DA4359001F0C84 /* tab-on.png in Resources */,
				0604F2E417DA4359001F0C84 /* tab-on@2x.png in Resources */,
				0604F2F117DA487B001F0C84 /* PRScheduleViewController.xib in Resources */,
				0604F2F717DA5072001F0C84 /* PRFamilyCell.xib in Resources */,
				06536B1717DA679D001DFE4E /* left_panel_shadow_1px.png in Resources */,
				06536B1817DA679D001DFE4E /* left_panel_shadow_1px@2x.png in Resources */,
				06536B1B17DA71C1001DFE4E /* back.png in Resources */,
				06536B1C17DA71C1001DFE4E /* back@2x.png in Resources */,
				0604815717DB823F007989E3 /* PRVenuesWithMapViewController.xib in Resources */,
				066146B117DD10A1001229FF /* PRGalleryViewController.xib in Resources */,
				0675ACEF17DE1B32003FCD67 /* PREventsCell.xib in Resources */,
				0675ACF517DE1F6A003FCD67 /* PRProgressView.xib in Resources */,
				0675AD2117DE41C9003FCD67 /* PRPhotoScreenViewController.xib in Resources */,
				0675AD2517DE6CAA003FCD67 /* PRViewController.xib in Resources */,
				06FA33E917DFB65900971661 /* iOSa_2.18.5.version in Resources */,
				06FA33EB17DFB65900971661 /* LICENSE in Resources */,
				06FAFD3417E0FD670017D29D /* chooserPhoto.png in Resources */,
				06FAFD3517E0FD670017D29D /* chooserPhoto@2x.png in Resources */,
				06FAFD3617E0FD670017D29D /* chooserPhotoActive.png in Resources */,
				06FAFD3717E0FD670017D29D /* chooserPhotoActive@2x.png in Resources */,
				06FAFD4217E0FED30017D29D /* newsfeed_NewStoriesBar_Background.png in Resources */,
				06FAFD4317E0FED30017D29D /* newsfeed_NewStoriesBar_Background@2x.png in Resources */,
				06FAFD4917E11BCA0017D29D /* icon@2x.png in Resources */,
				06FAFD4B17E11BCD0017D29D /* icon.png in Resources */,
				0605DF2A17E2C9B600350822 /* pin.png in Resources */,
				0605DF2B17E2C9B600350822 /* pin@2x.png in Resources */,
				0605DF7817E37D1F00350822 /* README.mdown in Resources */,
				0605DF7A17E37D1F00350822 /* README.md in Resources */,
				0605DF8217E37D1F00350822 /* MWPhotoBrowser.bundle in Resources */,
				06A1377A17E526B300F256BB /* Default-568h@2x.png in Resources */,
				06A1377B17E526B300F256BB /* Default.png in Resources */,
				06A1377C17E526B300F256BB /* Default@2x.png in Resources */,
				06A8C0E917EA210A0086579F /* iVersion.bundle in Resources */,
				0654E4E517EC974E009B7F0E /* PREventDetailViewController.xib in Resources */,
			);
			runOnlyForDeploymentPostprocessing = 0;
		};
/* End PBXResourcesBuildPhase section */

/* Begin PBXSourcesBuildPhase section */
		0604F28F17D988AC001F0C84 /* Sources */ = {
			isa = PBXSourcesBuildPhase;
			buildActionMask = 2147483647;
			files = (
				0604F2A317D988AC001F0C84 /* main.m in Sources */,
				0604F2A717D988AC001F0C84 /* PRAppDelegate.m in Sources */,
				0604F2B017D988AC001F0C84 /* PRViewController.m in Sources */,
				0604F2CD17D99DDF001F0C84 /* PRButton.m in Sources */,
				0604F2D817DA3C40001F0C84 /* PRFamilyViewController.m in Sources */,
				0604F2DC17DA42F4001F0C84 /* PRSegmentControl.m in Sources */,
				0604F2E717DA43B2001F0C84 /* UIImage+CustomImage.m in Sources */,
				0604F2F017DA487B001F0C84 /* PRScheduleViewController.m in Sources */,
				0604F2F517DA502A001F0C84 /* PRFamilyCell.m in Sources */,
				0604815517DB7E3A007989E3 /* UINavigationController+PRNavigationController.m in Sources */,
				0604815A17DB8268007989E3 /* PRVenuesWithMapViewController.m in Sources */,
				066146AB17DB83DF001229FF /* PRAnnotation.m in Sources */,
				066146B017DD10A1001229FF /* PRGalleryViewController.m in Sources */,
				0675ACEC17DE1B1C003FCD67 /* PREventsCell.m in Sources */,
				0675ACF217DE1F38003FCD67 /* PRProgressView.m in Sources */,
				0675ACF817DE34A9003FCD67 /* API.m in Sources */,
				0675AD0F17DE34DA003FCD67 /* AFHTTPClient.m in Sources */,
				0675AD1017DE34DA003FCD67 /* AFHTTPRequestOperation.m in Sources */,
				0675AD1117DE34DA003FCD67 /* AFImageRequestOperation.m in Sources */,
				0675AD1217DE34DA003FCD67 /* AFJSONRequestOperation.m in Sources */,
				0675AD1317DE34DA003FCD67 /* AFJSONUtilities.m in Sources */,
				0675AD1417DE34DA003FCD67 /* AFNetworkActivityIndicatorManager.m in Sources */,
				0675AD1517DE34DA003FCD67 /* AFPropertyListRequestOperation.m in Sources */,
				0675AD1617DE34DA003FCD67 /* AFURLConnectionOperation.m in Sources */,
				0675AD1717DE34DA003FCD67 /* AFXMLRequestOperation.m in Sources */,
				0675AD1817DE34DA003FCD67 /* UIImageView+AFNetworking.m in Sources */,
				0675AD1C17DE4154003FCD67 /* PhotoView.m in Sources */,
				0675AD2017DE41C9003FCD67 /* PRPhotoScreenViewController.m in Sources */,
				0605DF7117E37D1F00350822 /* MWCaptionView.m in Sources */,
				0605DF7217E37D1F00350822 /* MWPhoto.m in Sources */,
				0605DF7317E37D1F00350822 /* MWPhotoBrowser.m in Sources */,
				0605DF7417E37D1F00350822 /* MWTapDetectingImageView.m in Sources */,
				0605DF7517E37D1F00350822 /* MWTapDetectingView.m in Sources */,
				0605DF7617E37D1F00350822 /* MWZoomingScrollView.m in Sources */,
				0605DF7717E37D1F00350822 /* MBProgressHUD.m in Sources */,
				0605DF7B17E37D1F00350822 /* SDImageCache.m in Sources */,
				0605DF7C17E37D1F00350822 /* SDWebImageDecoder.m in Sources */,
				0605DF7D17E37D1F00350822 /* SDWebImageDownloader.m in Sources */,
				0605DF7E17E37D1F00350822 /* SDWebImageManager.m in Sources */,
				0605DF7F17E37D1F00350822 /* SDWebImagePrefetcher.m in Sources */,
				0605DF8017E37D1F00350822 /* UIButton+WebCache.m in Sources */,
				0605DF8117E37D1F00350822 /* UIImageView+WebCache.m in Sources */,
				06A1378A17E65CDA00F256BB /* UIView+MWParallax.m in Sources */,
				06FD66E617E661D200753117 /* UIImageView+LBBlurredImage.m in Sources */,
				06A8C0EA17EA210A0086579F /* iVersion.m in Sources */,
				0654E4E417EC974E009B7F0E /* PREventDetailViewController.m in Sources */,
				0679ECFE17ECA47F0082D091 /* WSCoachMarksView.m in Sources */,
			);
			runOnlyForDeploymentPostprocessing = 0;
		};
/* End PBXSourcesBuildPhase section */

/* Begin PBXVariantGroup section */
		0604F29F17D988AC001F0C84 /* InfoPlist.strings */ = {
			isa = PBXVariantGroup;
			children = (
				0604F2A017D988AC001F0C84 /* en */,
			);
			name = InfoPlist.strings;
			sourceTree = "<group>";
		};
/* End PBXVariantGroup section */

/* Begin XCBuildConfiguration section */
		0604F2B717D988AD001F0C84 /* Debug */ = {
			isa = XCBuildConfiguration;
			buildSettings = {
				ALWAYS_SEARCH_USER_PATHS = NO;
				CLANG_CXX_LANGUAGE_STANDARD = "gnu++0x";
				CLANG_CXX_LIBRARY = "libc++";
				CLANG_ENABLE_OBJC_ARC = YES;
				CLANG_WARN_CONSTANT_CONVERSION = YES;
				CLANG_WARN_EMPTY_BODY = YES;
				CLANG_WARN_ENUM_CONVERSION = YES;
				CLANG_WARN_INT_CONVERSION = YES;
				CLANG_WARN__DUPLICATE_METHOD_MATCH = YES;
				"CODE_SIGN_IDENTITY[sdk=iphoneos*]" = "iPhone Developer";
				COPY_PHASE_STRIP = NO;
				GCC_C_LANGUAGE_STANDARD = gnu99;
				GCC_DYNAMIC_NO_PIC = NO;
				GCC_OPTIMIZATION_LEVEL = 0;
				GCC_PREPROCESSOR_DEFINITIONS = (
					"DEBUG=1",
					"$(inherited)",
				);
				GCC_SYMBOLS_PRIVATE_EXTERN = NO;
				GCC_WARN_ABOUT_RETURN_TYPE = YES;
				GCC_WARN_UNINITIALIZED_AUTOS = YES;
				GCC_WARN_UNUSED_VARIABLE = YES;
				IPHONEOS_DEPLOYMENT_TARGET = 6.1;
				ONLY_ACTIVE_ARCH = YES;
				SDKROOT = iphoneos;
				TARGETED_DEVICE_FAMILY = "1,2";
			};
			name = Debug;
		};
		0604F2B817D988AD001F0C84 /* Release */ = {
			isa = XCBuildConfiguration;
			buildSettings = {
				ALWAYS_SEARCH_USER_PATHS = NO;
				CLANG_CXX_LANGUAGE_STANDARD = "gnu++0x";
				CLANG_CXX_LIBRARY = "libc++";
				CLANG_ENABLE_OBJC_ARC = YES;
				CLANG_WARN_CONSTANT_CONVERSION = YES;
				CLANG_WARN_EMPTY_BODY = YES;
				CLANG_WARN_ENUM_CONVERSION = YES;
				CLANG_WARN_INT_CONVERSION = YES;
				CLANG_WARN__DUPLICATE_METHOD_MATCH = YES;
				"CODE_SIGN_IDENTITY[sdk=iphoneos*]" = "iPhone Developer";
				COPY_PHASE_STRIP = YES;
				GCC_C_LANGUAGE_STANDARD = gnu99;
				GCC_WARN_ABOUT_RETURN_TYPE = YES;
				GCC_WARN_UNINITIALIZED_AUTOS = YES;
				GCC_WARN_UNUSED_VARIABLE = YES;
				IPHONEOS_DEPLOYMENT_TARGET = 6.1;
				OTHER_CFLAGS = "-DNS_BLOCK_ASSERTIONS=1";
				SDKROOT = iphoneos;
				TARGETED_DEVICE_FAMILY = "1,2";
				VALIDATE_PRODUCT = YES;
			};
			name = Release;
		};
		0604F2BA17D988AD001F0C84 /* Debug */ = {
			isa = XCBuildConfiguration;
			buildSettings = {
				ALWAYS_SEARCH_USER_PATHS = YES;
				CODE_SIGN_IDENTITY = "iPhone Developer";
				"CODE_SIGN_IDENTITY[sdk=iphoneos*]" = "iPhone Developer";
				FRAMEWORK_SEARCH_PATHS = (
					"$(inherited)",
					"\"$(SRCROOT)\"",
				);
				GCC_PRECOMPILE_PREFIX_HEADER = YES;
				GCC_PREFIX_HEADER = "Wed/Wed-Prefix.pch";
				INFOPLIST_FILE = "$(SRCROOT)/Wed/Wed-Info.plist";
				IPHONEOS_DEPLOYMENT_TARGET = 6.1;
				LIBRARY_SEARCH_PATHS = (
					"$(inherited)",
					"\"$(SRCROOT)/Wed/Localytics\"",
				);
				PRODUCT_NAME = Wed;
				PROVISIONING_PROFILE = "";
				"PROVISIONING_PROFILE[sdk=iphoneos*]" = "";
				TARGETED_DEVICE_FAMILY = 1;
				USER_HEADER_SEARCH_PATHS = "./**";
				WRAPPER_EXTENSION = app;
			};
			name = Debug;
		};
		0604F2BB17D988AD001F0C84 /* Release */ = {
			isa = XCBuildConfiguration;
			buildSettings = {
				ALWAYS_SEARCH_USER_PATHS = YES;
				CODE_SIGN_IDENTITY = "iPhone Distribution: WALTER MEIER (MANUFACTURING) INC.";
				"CODE_SIGN_IDENTITY[sdk=iphoneos*]" = "iPhone Distribution: WALTER MEIER (MANUFACTURING) INC.";
				FRAMEWORK_SEARCH_PATHS = (
					"$(inherited)",
					"\"$(SRCROOT)\"",
				);
				GCC_PRECOMPILE_PREFIX_HEADER = YES;
				GCC_PREFIX_HEADER = "Wed/Wed-Prefix.pch";
				INFOPLIST_FILE = "$(SRCROOT)/Wed/Wed-Info.plist";
				IPHONEOS_DEPLOYMENT_TARGET = 6.1;
				LIBRARY_SEARCH_PATHS = (
					"$(inherited)",
					"\"$(SRCROOT)/Wed/Localytics\"",
				);
				PRODUCT_NAME = Wed;
				PROVISIONING_PROFILE = "0B1F2919-CE19-4A9C-A14A-B0213B45BC62";
				"PROVISIONING_PROFILE[sdk=iphoneos*]" = "0B1F2919-CE19-4A9C-A14A-B0213B45BC62";
				TARGETED_DEVICE_FAMILY = 1;
				USER_HEADER_SEARCH_PATHS = "./**";
				WRAPPER_EXTENSION = app;
			};
			name = Release;
		};
/* End XCBuildConfiguration section */

/* Begin XCConfigurationList section */
		0604F28E17D988AC001F0C84 /* Build configuration list for PBXProject "Wed" */ = {
			isa = XCConfigurationList;
			buildConfigurations = (
				0604F2B717D988AD001F0C84 /* Debug */,
				0604F2B817D988AD001F0C84 /* Release */,
			);
			defaultConfigurationIsVisible = 0;
			defaultConfigurationName = Release;
		};
		0604F2B917D988AD001F0C84 /* Build configuration list for PBXNativeTarget "Wed" */ = {
			isa = XCConfigurationList;
			buildConfigurations = (
				0604F2BA17D988AD001F0C84 /* Debug */,
				0604F2BB17D988AD001F0C84 /* Release */,
			);
			defaultConfigurationIsVisible = 0;
			defaultConfigurationName = Release;
		};
/* End XCConfigurationList section */
	};
	rootObject = 0604F28B17D988AC001F0C84 /* Project object */;
}
